<?xml version="1.0" encoding="utf-8"?>
<Project ToolsVersion="4.0" xmlns="http://schemas.microsoft.com/developer/msbuild/2003">
  <ItemGroup>
    <Filter Include="ssl">
      <UniqueIdentifier>{b2c31b09-297e-4d2a-900f-a98e88db366e}</UniqueIdentifier>
    </Filter>
    <Filter Include="ssl\statem">
      <UniqueIdentifier>{7af4b830-0903-4ead-abbe-21d2e52281f8}</UniqueIdentifier>
    </Filter>
    <Filter Include="ssl\record">
      <UniqueIdentifier>{af0c0343-1bb6-494e-96ff-787349604bee}</UniqueIdentifier>
    </Filter>
  </ItemGroup>
  <ItemGroup>
    <ClCompile Include="ssl\ssl_err.c">
      <Filter>ssl</Filter>
    </ClCompile>
    <ClCompile Include="ssl\ssl_init.c">
      <Filter>ssl</Filter>
    </ClCompile>
    <ClCompile Include="ssl\ssl_lib.c">
      <Filter>ssl</Filter>
    </ClCompile>
    <ClCompile Include="ssl\ssl_mcnf.c">
      <Filter>ssl</Filter>
    </ClCompile>
    <ClCompile Include="ssl\ssl_rsa.c">
      <Filter>ssl</Filter>
    </ClCompile>
    <ClCompile Include="ssl\ssl_sess.c">
      <Filter>ssl</Filter>
    </ClCompile>
    <ClCompile Include="ssl\ssl_stat.c">
      <Filter>ssl</Filter>
    </ClCompile>
    <ClCompile Include="ssl\ssl_txt.c">
      <Filter>ssl</Filter>
    </ClCompile>
    <ClCompile Include="ssl\ssl_utst.c">
      <Filter>ssl</Filter>
    </ClCompile>
    <ClCompile Include="ssl\t1_enc.c">
      <Filter>ssl</Filter>
    </ClCompile>
    <ClCompile Include="ssl\t1_lib.c">
      <Filter>ssl</Filter>
    </ClCompile>
    <ClCompile Include="ssl\t1_trce.c">
      <Filter>ssl</Filter>
    </ClCompile>
    <ClCompile Include="ssl\tls_srp.c">
      <Filter>ssl</Filter>
    </ClCompile>
    <ClCompile Include="ssl\tls13_enc.c">
      <Filter>ssl</Filter>
    </ClCompile>
    <ClCompile Include="ssl\bio_ssl.c">
      <Filter>ssl</Filter>
    </ClCompile>
    <ClCompile Include="ssl\d1_lib.c">
      <Filter>ssl</Filter>
    </ClCompile>
    <ClCompile Include="ssl\d1_msg.c">
      <Filter>ssl</Filter>
    </ClCompile>
    <ClCompile Include="ssl\d1_srtp.c">
      <Filter>ssl</Filter>
    </ClCompile>
    <ClCompile Include="ssl\methods.c">
      <Filter>ssl</Filter>
    </ClCompile>
    <ClCompile Include="ssl\packet.c">
      <Filter>ssl</Filter>
    </ClCompile>
    <ClCompile Include="ssl\pqueue.c">
      <Filter>ssl</Filter>
    </ClCompile>
    <ClCompile Include="ssl\s3_cbc.c">
      <Filter>ssl</Filter>
    </ClCompile>
    <ClCompile Include="ssl\s3_enc.c">
      <Filter>ssl</Filter>
    </ClCompile>
    <ClCompile Include="ssl\s3_lib.c">
      <Filter>ssl</Filter>
    </ClCompile>
    <ClCompile Include="ssl\s3_msg.c">
      <Filter>ssl</Filter>
    </ClCompile>
    <ClCompile Include="ssl\ssl_asn1.c">
      <Filter>ssl</Filter>
    </ClCompile>
    <ClCompile Include="ssl\ssl_cert.c">
      <Filter>ssl</Filter>
    </ClCompile>
    <ClCompile Include="ssl\ssl_ciph.c">
      <Filter>ssl</Filter>
    </ClCompile>
    <ClCompile Include="ssl\ssl_conf.c">
      <Filter>ssl</Filter>
    </ClCompile>
    <ClCompile Include="ssl\record\dtls1_bitmap.c">
      <Filter>ssl\record</Filter>
    </ClCompile>
    <ClCompile Include="ssl\record\rec_layer_d1.c">
      <Filter>ssl\record</Filter>
    </ClCompile>
    <ClCompile Include="ssl\record\rec_layer_s3.c">
      <Filter>ssl\record</Filter>
    </ClCompile>
    <ClCompile Include="ssl\record\ssl3_buffer.c">
      <Filter>ssl\record</Filter>
    </ClCompile>
    <ClCompile Include="ssl\record\ssl3_record.c">
      <Filter>ssl\record</Filter>
    </ClCompile>
    <ClCompile Include="ssl\record\ssl3_record_tls13.c">
      <Filter>ssl\record</Filter>
    </ClCompile>
    <ClCompile Include="ssl\statem\extensions.c">
      <Filter>ssl\statem</Filter>
    </ClCompile>
    <ClCompile Include="ssl\statem\extensions_clnt.c">
      <Filter>ssl\statem</Filter>
    </ClCompile>
    <ClCompile Include="ssl\statem\extensions_cust.c">
      <Filter>ssl\statem</Filter>
    </ClCompile>
    <ClCompile Include="ssl\statem\extensions_srvr.c">
      <Filter>ssl\statem</Filter>
    </ClCompile>
    <ClCompile Include="ssl\statem\statem.c">
      <Filter>ssl\statem</Filter>
    </ClCompile>
    <ClCompile Include="ssl\statem\statem_clnt.c">
      <Filter>ssl\statem</Filter>
    </ClCompile>
    <ClCompile Include="ssl\statem\statem_dtls.c">
      <Filter>ssl\statem</Filter>
    </ClCompile>
    <ClCompile Include="ssl\statem\statem_lib.c">
      <Filter>ssl\statem</Filter>
    </ClCompile>
    <ClCompile Include="ssl\statem\statem_srvr.c">
      <Filter>ssl\statem</Filter>
    </ClCompile>
  </ItemGroup>
  <ItemGroup>
    <ClInclude Include="ssl\ssl_locl.h">
      <Filter>ssl</Filter>
    </ClInclude>
    <ClInclude Include="ssl\packet_locl.h">
      <Filter>ssl</Filter>
    </ClInclude>
    <ClInclude Include="ssl\ssl_cert_table.h">
      <Filter>ssl</Filter>
    </ClInclude>
    <ClInclude Include="ssl\record\record.h">
      <Filter>ssl\record</Filter>
    </ClInclude>
    <ClInclude Include="ssl\record\record_locl.h">
      <Filter>ssl\record</Filter>
    </ClInclude>
    <ClInclude Include="ssl\statem\statem.h">
      <Filter>ssl\statem</Filter>
    </ClInclude>
    <ClInclude Include="ssl\statem\statem_locl.h">
      <Filter>ssl\statem</Filter>
    </ClInclude>
  </ItemGroup>
  <ItemGroup>
    <None Include="SslEay32.def" />
  </ItemGroup>
</Project>