<?xml version="1.0" encoding="utf-8"?>
<Project ToolsVersion="4.0" xmlns="http://schemas.microsoft.com/developer/msbuild/2003">
  <ItemGroup>
    <Filter Include="crypto">
      <UniqueIdentifier>{dfa4a787-dc38-4419-ae85-494f23560184}</UniqueIdentifier>
    </Filter>
    <Filter Include="crypto\aes">
      <UniqueIdentifier>{16af6e8c-d4a9-4970-8ee7-1790af81028b}</UniqueIdentifier>
    </Filter>
    <Filter Include="crypto\aria">
      <UniqueIdentifier>{adc61689-08eb-45eb-b577-06a737a1ad1f}</UniqueIdentifier>
    </Filter>
    <Filter Include="crypto\asn1">
      <UniqueIdentifier>{f5b17bf1-87b4-48d9-b42f-682dea632271}</UniqueIdentifier>
    </Filter>
    <Filter Include="crypto\async">
      <UniqueIdentifier>{74441399-82c2-4417-964f-46ba7a840d0b}</UniqueIdentifier>
    </Filter>
    <Filter Include="crypto\bf">
      <UniqueIdentifier>{7de0f394-48ea-4227-bc65-03a7f7e0971e}</UniqueIdentifier>
    </Filter>
    <Filter Include="crypto\bio">
      <UniqueIdentifier>{dc24b576-be45-4864-afd8-735eccccffea}</UniqueIdentifier>
    </Filter>
    <Filter Include="crypto\blake2">
      <UniqueIdentifier>{f5713b61-a402-48f3-9f84-342ff71e2461}</UniqueIdentifier>
    </Filter>
    <Filter Include="crypto\bn">
      <UniqueIdentifier>{0d4b9c14-a8ad-415b-88d1-e23d15e0d82f}</UniqueIdentifier>
    </Filter>
    <Filter Include="crypto\buffer">
      <UniqueIdentifier>{fb7b256b-15a5-4765-94f5-d34f9ed33df7}</UniqueIdentifier>
    </Filter>
    <Filter Include="crypto\camellia">
      <UniqueIdentifier>{5d058bce-010f-4b70-961c-689d8ef8bf2d}</UniqueIdentifier>
    </Filter>
    <Filter Include="crypto\cast">
      <UniqueIdentifier>{d84e582d-1447-4a3c-b9af-1a0e7e9eec31}</UniqueIdentifier>
    </Filter>
    <Filter Include="crypto\chacha">
      <UniqueIdentifier>{f446646b-1036-4f9c-a517-65f8d2578f68}</UniqueIdentifier>
    </Filter>
    <Filter Include="crypto\cmac">
      <UniqueIdentifier>{f5c8f05c-249e-4117-8257-518ceccc1525}</UniqueIdentifier>
    </Filter>
    <Filter Include="crypto\cms">
      <UniqueIdentifier>{b1f4deb2-e44c-483a-8118-c35f769b57f4}</UniqueIdentifier>
    </Filter>
    <Filter Include="crypto\comp">
      <UniqueIdentifier>{41657b0d-4b5a-4057-8af4-d6335336da13}</UniqueIdentifier>
    </Filter>
    <Filter Include="crypto\conf">
      <UniqueIdentifier>{109151f2-c329-476e-a5a0-9b6e2baa0264}</UniqueIdentifier>
    </Filter>
    <Filter Include="crypto\ct">
      <UniqueIdentifier>{03a16f32-27d8-4d59-8238-7d68da8a657c}</UniqueIdentifier>
    </Filter>
    <Filter Include="crypto\des">
      <UniqueIdentifier>{7bf05130-ace4-493d-8d22-51b14eccd597}</UniqueIdentifier>
    </Filter>
    <Filter Include="crypto\dh">
      <UniqueIdentifier>{94e7dc73-294a-463c-bf90-627b10fa8905}</UniqueIdentifier>
    </Filter>
    <Filter Include="crypto\dsa">
      <UniqueIdentifier>{121b829d-dae4-4678-abf8-3f62e6c6b6ad}</UniqueIdentifier>
    </Filter>
    <Filter Include="crypto\dso">
      <UniqueIdentifier>{f1109a04-1527-47fa-b834-f17a4a7bc73e}</UniqueIdentifier>
    </Filter>
    <Filter Include="crypto\ec">
      <UniqueIdentifier>{37b75e25-9683-4419-aeb5-eb455c37a200}</UniqueIdentifier>
    </Filter>
    <Filter Include="crypto\engine">
      <UniqueIdentifier>{46cc9ac6-0105-4245-a2ba-dacb69135f64}</UniqueIdentifier>
    </Filter>
    <Filter Include="crypto\err">
      <UniqueIdentifier>{353d463e-acb3-4680-9b02-253143bf390d}</UniqueIdentifier>
    </Filter>
    <Filter Include="crypto\evp">
      <UniqueIdentifier>{cd57d121-5f33-413c-b5d1-9451b8b746a0}</UniqueIdentifier>
    </Filter>
    <Filter Include="crypto\gmac">
      <UniqueIdentifier>{39e9c4a6-8308-492d-861d-cd3b84a963eb}</UniqueIdentifier>
    </Filter>
    <Filter Include="crypto\hmac">
      <UniqueIdentifier>{40694b53-e3ac-4bee-a58a-fc4f22ddbc41}</UniqueIdentifier>
    </Filter>
    <Filter Include="crypto\idea">
      <UniqueIdentifier>{b68c1f50-4edf-4479-b293-4a89e0797512}</UniqueIdentifier>
    </Filter>
    <Filter Include="crypto\include">
      <UniqueIdentifier>{78f6f959-3879-4324-893f-43867a10c146}</UniqueIdentifier>
    </Filter>
    <Filter Include="crypto\kdf">
      <UniqueIdentifier>{1b4f1954-3d69-4c6b-9a87-82d312721bf7}</UniqueIdentifier>
    </Filter>
    <Filter Include="crypto\kmac">
      <UniqueIdentifier>{aef23f9b-8861-4052-9d9d-0f93abd28c3c}</UniqueIdentifier>
    </Filter>
    <Filter Include="crypto\lhash">
      <UniqueIdentifier>{5688ddef-9f61-407d-99b9-9b70a09162e3}</UniqueIdentifier>
    </Filter>
    <Filter Include="crypto\md2">
      <UniqueIdentifier>{e2123d83-6964-4bac-ab8b-a3c598165a4e}</UniqueIdentifier>
    </Filter>
    <Filter Include="crypto\md4">
      <UniqueIdentifier>{56a8b581-aeae-4e29-b795-c98e7b60450f}</UniqueIdentifier>
    </Filter>
    <Filter Include="crypto\md5">
      <UniqueIdentifier>{03b0858f-ea20-461f-9f69-8c0891493c69}</UniqueIdentifier>
    </Filter>
    <Filter Include="crypto\mdc2">
      <UniqueIdentifier>{4737f74d-780e-4e28-82aa-bb0d5669f54d}</UniqueIdentifier>
    </Filter>
    <Filter Include="crypto\modes">
      <UniqueIdentifier>{7c9ac359-8623-4a82-affa-611d7a2e779e}</UniqueIdentifier>
    </Filter>
    <Filter Include="crypto\x509v3">
      <UniqueIdentifier>{fa604a8e-63df-4a84-83c7-f6776f5405e5}</UniqueIdentifier>
    </Filter>
    <Filter Include="crypto\x509">
      <UniqueIdentifier>{bd48c254-ddd0-4245-9985-fb939407de3f}</UniqueIdentifier>
    </Filter>
    <Filter Include="crypto\whirlpool">
      <UniqueIdentifier>{91ada915-f3aa-4462-a46a-e46f00dd17f8}</UniqueIdentifier>
    </Filter>
    <Filter Include="crypto\ui">
      <UniqueIdentifier>{c672d755-4f5c-4c13-991c-db4337e06c12}</UniqueIdentifier>
    </Filter>
    <Filter Include="crypto\txt_db">
      <UniqueIdentifier>{898008ca-6203-4788-bfed-8cc8711bd680}</UniqueIdentifier>
    </Filter>
    <Filter Include="crypto\ts">
      <UniqueIdentifier>{1600d630-3429-483b-ab94-1c7f47635f3b}</UniqueIdentifier>
    </Filter>
    <Filter Include="crypto\store">
      <UniqueIdentifier>{918e720f-d360-4ea6-a592-0ed983a375c9}</UniqueIdentifier>
    </Filter>
    <Filter Include="crypto\stack">
      <UniqueIdentifier>{f71b1553-7bc3-4c8f-9e98-03fc3ed73e87}</UniqueIdentifier>
    </Filter>
    <Filter Include="crypto\srp">
      <UniqueIdentifier>{7e245662-790b-44a0-9b3a-7cc333f310d0}</UniqueIdentifier>
    </Filter>
    <Filter Include="crypto\sm4">
      <UniqueIdentifier>{b6995d84-facc-4af7-a6ac-ca17e8ff4b5b}</UniqueIdentifier>
    </Filter>
    <Filter Include="crypto\sm3">
      <UniqueIdentifier>{5b9dab52-599d-49f8-85d5-8b50bb85fcbd}</UniqueIdentifier>
    </Filter>
    <Filter Include="crypto\sm2">
      <UniqueIdentifier>{f6864ae2-268b-4eaf-8281-7d8273d15716}</UniqueIdentifier>
    </Filter>
    <Filter Include="crypto\siphash">
      <UniqueIdentifier>{16caa132-551f-49a3-934d-0d4a068fb34d}</UniqueIdentifier>
    </Filter>
    <Filter Include="crypto\sha">
      <UniqueIdentifier>{ae956178-cc4a-4c66-ba79-107b82bf5a3b}</UniqueIdentifier>
    </Filter>
    <Filter Include="crypto\seed">
      <UniqueIdentifier>{e8ff4801-5ceb-4275-8d2f-e12a95eb23c5}</UniqueIdentifier>
    </Filter>
    <Filter Include="crypto\rsa">
      <UniqueIdentifier>{a2332c0b-8542-4350-804d-fe3fe6b571ee}</UniqueIdentifier>
    </Filter>
    <Filter Include="crypto\ripemd">
      <UniqueIdentifier>{78584f51-7a95-42f7-8cf9-0731a60df5bb}</UniqueIdentifier>
    </Filter>
    <Filter Include="crypto\rc5">
      <UniqueIdentifier>{56efe6bd-441f-4f84-b4b6-b15e84c58209}</UniqueIdentifier>
    </Filter>
    <Filter Include="crypto\rc4">
      <UniqueIdentifier>{8232eb8e-266b-4077-8df1-ada7324e1dd8}</UniqueIdentifier>
    </Filter>
    <Filter Include="crypto\rc2">
      <UniqueIdentifier>{dbbeff11-7c28-4000-8567-c1ace41019b1}</UniqueIdentifier>
    </Filter>
    <Filter Include="crypto\rand">
      <UniqueIdentifier>{f452cec0-e97e-4dd0-abbc-1113c74ad444}</UniqueIdentifier>
    </Filter>
    <Filter Include="crypto\poly1305">
      <UniqueIdentifier>{5586996b-b69e-4b2a-af12-c3d8a39fece4}</UniqueIdentifier>
    </Filter>
    <Filter Include="crypto\pkcs12">
      <UniqueIdentifier>{eed21bf9-bcf1-4a92-8e25-d379f448c5ec}</UniqueIdentifier>
    </Filter>
    <Filter Include="crypto\pkcs7">
      <UniqueIdentifier>{fa7eae84-7be6-40d9-b793-1baea2930ac2}</UniqueIdentifier>
    </Filter>
    <Filter Include="crypto\pem">
      <UniqueIdentifier>{a6c6b136-56a6-4416-8816-645094cf0ab4}</UniqueIdentifier>
    </Filter>
    <Filter Include="crypto\ocsp">
      <UniqueIdentifier>{5aa7a441-5bbd-4108-af29-400f3d13d5aa}</UniqueIdentifier>
    </Filter>
    <Filter Include="crypto\objects">
      <UniqueIdentifier>{e8711b62-83bf-4890-9165-12788ad41a57}</UniqueIdentifier>
    </Filter>
    <Filter Include="crypto\aes\asm">
      <UniqueIdentifier>{ccde009f-807f-4c53-8fbf-39b2a44bc598}</UniqueIdentifier>
    </Filter>
    <Filter Include="crypto\async\arch">
      <UniqueIdentifier>{4da9f16d-7095-44ae-9004-86d78875a1c4}</UniqueIdentifier>
    </Filter>
    <Filter Include="crypto\bn\asm">
      <UniqueIdentifier>{841c97f9-543d-414f-b828-897cabdac84f}</UniqueIdentifier>
    </Filter>
    <Filter Include="crypto\ec\curve448">
      <UniqueIdentifier>{a739ed12-0c72-47e9-bd80-396cf72d78a1}</UniqueIdentifier>
    </Filter>
    <Filter Include="crypto\ec\curve448\arch_32">
      <UniqueIdentifier>{57fa5818-b9bf-4078-897b-4daa489b2be2}</UniqueIdentifier>
    </Filter>
    <Filter Include="crypto\include\internal">
      <UniqueIdentifier>{91bd31a7-2334-40b2-a9a1-be87c4de77b7}</UniqueIdentifier>
    </Filter>
  </ItemGroup>
  <ItemGroup>
    <ClCompile Include="crypto\armcap.c">
      <Filter>crypto</Filter>
    </ClCompile>
    <ClCompile Include="crypto\cpt_err.c">
      <Filter>crypto</Filter>
    </ClCompile>
    <ClCompile Include="crypto\cryptlib.c">
      <Filter>crypto</Filter>
    </ClCompile>
    <ClCompile Include="crypto\ctype.c">
      <Filter>crypto</Filter>
    </ClCompile>
    <ClCompile Include="crypto\cversion.c">
      <Filter>crypto</Filter>
    </ClCompile>
    <ClCompile Include="crypto\dllmain.c">
      <Filter>crypto</Filter>
    </ClCompile>
    <ClCompile Include="crypto\ebcdic.c">
      <Filter>crypto</Filter>
    </ClCompile>
    <ClCompile Include="crypto\ex_data.c">
      <Filter>crypto</Filter>
    </ClCompile>
    <ClCompile Include="crypto\getenv.c">
      <Filter>crypto</Filter>
    </ClCompile>
    <ClCompile Include="crypto\init.c">
      <Filter>crypto</Filter>
    </ClCompile>
    <ClCompile Include="crypto\LPdir_nyi.c">
      <Filter>crypto</Filter>
    </ClCompile>
    <ClCompile Include="crypto\LPdir_unix.c">
      <Filter>crypto</Filter>
    </ClCompile>
    <ClCompile Include="crypto\LPdir_vms.c">
      <Filter>crypto</Filter>
    </ClCompile>
    <ClCompile Include="crypto\LPdir_win.c">
      <Filter>crypto</Filter>
    </ClCompile>
    <ClCompile Include="crypto\LPdir_win32.c">
      <Filter>crypto</Filter>
    </ClCompile>
    <ClCompile Include="crypto\LPdir_wince.c">
      <Filter>crypto</Filter>
    </ClCompile>
    <ClCompile Include="crypto\mem.c">
      <Filter>crypto</Filter>
    </ClCompile>
    <ClCompile Include="crypto\mem_clr.c">
      <Filter>crypto</Filter>
    </ClCompile>
    <ClCompile Include="crypto\mem_dbg.c">
      <Filter>crypto</Filter>
    </ClCompile>
    <ClCompile Include="crypto\mem_sec.c">
      <Filter>crypto</Filter>
    </ClCompile>
    <ClCompile Include="crypto\o_dir.c">
      <Filter>crypto</Filter>
    </ClCompile>
    <ClCompile Include="crypto\o_fips.c">
      <Filter>crypto</Filter>
    </ClCompile>
    <ClCompile Include="crypto\o_fopen.c">
      <Filter>crypto</Filter>
    </ClCompile>
    <ClCompile Include="crypto\o_init.c">
      <Filter>crypto</Filter>
    </ClCompile>
    <ClCompile Include="crypto\o_str.c">
      <Filter>crypto</Filter>
    </ClCompile>
    <ClCompile Include="crypto\o_time.c">
      <Filter>crypto</Filter>
    </ClCompile>
    <ClCompile Include="crypto\ppccap.c">
      <Filter>crypto</Filter>
    </ClCompile>
    <ClCompile Include="crypto\s390xcap.c">
      <Filter>crypto</Filter>
    </ClCompile>
    <ClCompile Include="crypto\sparcv9cap.c">
      <Filter>crypto</Filter>
    </ClCompile>
    <ClCompile Include="crypto\threads_none.c">
      <Filter>crypto</Filter>
    </ClCompile>
    <ClCompile Include="crypto\threads_pthread.c">
      <Filter>crypto</Filter>
    </ClCompile>
    <ClCompile Include="crypto\threads_win.c">
      <Filter>crypto</Filter>
    </ClCompile>
    <ClCompile Include="crypto\uid.c">
      <Filter>crypto</Filter>
    </ClCompile>
    <ClCompile Include="crypto\aes\aes_cbc.c">
      <Filter>crypto\aes</Filter>
    </ClCompile>
    <ClCompile Include="crypto\aes\aes_cfb.c">
      <Filter>crypto\aes</Filter>
    </ClCompile>
    <ClCompile Include="crypto\aes\aes_core.c">
      <Filter>crypto\aes</Filter>
    </ClCompile>
    <ClCompile Include="crypto\aes\aes_ecb.c">
      <Filter>crypto\aes</Filter>
    </ClCompile>
    <ClCompile Include="crypto\aes\aes_ige.c">
      <Filter>crypto\aes</Filter>
    </ClCompile>
    <ClCompile Include="crypto\aes\aes_misc.c">
      <Filter>crypto\aes</Filter>
    </ClCompile>
    <ClCompile Include="crypto\aes\aes_ofb.c">
      <Filter>crypto\aes</Filter>
    </ClCompile>
    <ClCompile Include="crypto\aes\aes_wrap.c">
      <Filter>crypto\aes</Filter>
    </ClCompile>
    <ClCompile Include="crypto\aes\aes_x86core.c">
      <Filter>crypto\aes</Filter>
    </ClCompile>
    <ClCompile Include="crypto\aria\aria.c">
      <Filter>crypto\aria</Filter>
    </ClCompile>
    <ClCompile Include="crypto\asn1\x_spki.c">
      <Filter>crypto\asn1</Filter>
    </ClCompile>
    <ClCompile Include="crypto\asn1\x_val.c">
      <Filter>crypto\asn1</Filter>
    </ClCompile>
    <ClCompile Include="crypto\asn1\a_bitstr.c">
      <Filter>crypto\asn1</Filter>
    </ClCompile>
    <ClCompile Include="crypto\asn1\a_d2i_fp.c">
      <Filter>crypto\asn1</Filter>
    </ClCompile>
    <ClCompile Include="crypto\asn1\a_digest.c">
      <Filter>crypto\asn1</Filter>
    </ClCompile>
    <ClCompile Include="crypto\asn1\a_dup.c">
      <Filter>crypto\asn1</Filter>
    </ClCompile>
    <ClCompile Include="crypto\asn1\a_gentm.c">
      <Filter>crypto\asn1</Filter>
    </ClCompile>
    <ClCompile Include="crypto\asn1\a_i2d_fp.c">
      <Filter>crypto\asn1</Filter>
    </ClCompile>
    <ClCompile Include="crypto\asn1\a_int.c">
      <Filter>crypto\asn1</Filter>
    </ClCompile>
    <ClCompile Include="crypto\asn1\a_mbstr.c">
      <Filter>crypto\asn1</Filter>
    </ClCompile>
    <ClCompile Include="crypto\asn1\a_object.c">
      <Filter>crypto\asn1</Filter>
    </ClCompile>
    <ClCompile Include="crypto\asn1\a_octet.c">
      <Filter>crypto\asn1</Filter>
    </ClCompile>
    <ClCompile Include="crypto\asn1\a_print.c">
      <Filter>crypto\asn1</Filter>
    </ClCompile>
    <ClCompile Include="crypto\asn1\a_sign.c">
      <Filter>crypto\asn1</Filter>
    </ClCompile>
    <ClCompile Include="crypto\asn1\a_strex.c">
      <Filter>crypto\asn1</Filter>
    </ClCompile>
    <ClCompile Include="crypto\asn1\a_strnid.c">
      <Filter>crypto\asn1</Filter>
    </ClCompile>
    <ClCompile Include="crypto\asn1\a_time.c">
      <Filter>crypto\asn1</Filter>
    </ClCompile>
    <ClCompile Include="crypto\asn1\a_type.c">
      <Filter>crypto\asn1</Filter>
    </ClCompile>
    <ClCompile Include="crypto\asn1\a_utctm.c">
      <Filter>crypto\asn1</Filter>
    </ClCompile>
    <ClCompile Include="crypto\asn1\a_utf8.c">
      <Filter>crypto\asn1</Filter>
    </ClCompile>
    <ClCompile Include="crypto\asn1\a_verify.c">
      <Filter>crypto\asn1</Filter>
    </ClCompile>
    <ClCompile Include="crypto\asn1\ameth_lib.c">
      <Filter>crypto\asn1</Filter>
    </ClCompile>
    <ClCompile Include="crypto\asn1\asn_mime.c">
      <Filter>crypto\asn1</Filter>
    </ClCompile>
    <ClCompile Include="crypto\asn1\asn_moid.c">
      <Filter>crypto\asn1</Filter>
    </ClCompile>
    <ClCompile Include="crypto\asn1\asn_mstbl.c">
      <Filter>crypto\asn1</Filter>
    </ClCompile>
    <ClCompile Include="crypto\asn1\asn_pack.c">
      <Filter>crypto\asn1</Filter>
    </ClCompile>
    <ClCompile Include="crypto\asn1\asn1_err.c">
      <Filter>crypto\asn1</Filter>
    </ClCompile>
    <ClCompile Include="crypto\asn1\asn1_gen.c">
      <Filter>crypto\asn1</Filter>
    </ClCompile>
    <ClCompile Include="crypto\asn1\asn1_item_list.c">
      <Filter>crypto\asn1</Filter>
    </ClCompile>
    <ClCompile Include="crypto\asn1\asn1_lib.c">
      <Filter>crypto\asn1</Filter>
    </ClCompile>
    <ClCompile Include="crypto\asn1\asn1_par.c">
      <Filter>crypto\asn1</Filter>
    </ClCompile>
    <ClCompile Include="crypto\asn1\bio_asn1.c">
      <Filter>crypto\asn1</Filter>
    </ClCompile>
    <ClCompile Include="crypto\asn1\bio_ndef.c">
      <Filter>crypto\asn1</Filter>
    </ClCompile>
    <ClCompile Include="crypto\asn1\d2i_pr.c">
      <Filter>crypto\asn1</Filter>
    </ClCompile>
    <ClCompile Include="crypto\asn1\d2i_pu.c">
      <Filter>crypto\asn1</Filter>
    </ClCompile>
    <ClCompile Include="crypto\asn1\evp_asn1.c">
      <Filter>crypto\asn1</Filter>
    </ClCompile>
    <ClCompile Include="crypto\asn1\f_int.c">
      <Filter>crypto\asn1</Filter>
    </ClCompile>
    <ClCompile Include="crypto\asn1\f_string.c">
      <Filter>crypto\asn1</Filter>
    </ClCompile>
    <ClCompile Include="crypto\asn1\i2d_pr.c">
      <Filter>crypto\asn1</Filter>
    </ClCompile>
    <ClCompile Include="crypto\asn1\i2d_pu.c">
      <Filter>crypto\asn1</Filter>
    </ClCompile>
    <ClCompile Include="crypto\asn1\n_pkey.c">
      <Filter>crypto\asn1</Filter>
    </ClCompile>
    <ClCompile Include="crypto\asn1\nsseq.c">
      <Filter>crypto\asn1</Filter>
    </ClCompile>
    <ClCompile Include="crypto\asn1\p5_pbe.c">
      <Filter>crypto\asn1</Filter>
    </ClCompile>
    <ClCompile Include="crypto\asn1\p5_pbev2.c">
      <Filter>crypto\asn1</Filter>
    </ClCompile>
    <ClCompile Include="crypto\asn1\p5_scrypt.c">
      <Filter>crypto\asn1</Filter>
    </ClCompile>
    <ClCompile Include="crypto\asn1\p8_pkey.c">
      <Filter>crypto\asn1</Filter>
    </ClCompile>
    <ClCompile Include="crypto\asn1\t_bitst.c">
      <Filter>crypto\asn1</Filter>
    </ClCompile>
    <ClCompile Include="crypto\asn1\t_pkey.c">
      <Filter>crypto\asn1</Filter>
    </ClCompile>
    <ClCompile Include="crypto\asn1\t_spki.c">
      <Filter>crypto\asn1</Filter>
    </ClCompile>
    <ClCompile Include="crypto\asn1\tasn_dec.c">
      <Filter>crypto\asn1</Filter>
    </ClCompile>
    <ClCompile Include="crypto\asn1\tasn_enc.c">
      <Filter>crypto\asn1</Filter>
    </ClCompile>
    <ClCompile Include="crypto\asn1\tasn_fre.c">
      <Filter>crypto\asn1</Filter>
    </ClCompile>
    <ClCompile Include="crypto\asn1\tasn_new.c">
      <Filter>crypto\asn1</Filter>
    </ClCompile>
    <ClCompile Include="crypto\asn1\tasn_prn.c">
      <Filter>crypto\asn1</Filter>
    </ClCompile>
    <ClCompile Include="crypto\asn1\tasn_scn.c">
      <Filter>crypto\asn1</Filter>
    </ClCompile>
    <ClCompile Include="crypto\asn1\tasn_typ.c">
      <Filter>crypto\asn1</Filter>
    </ClCompile>
    <ClCompile Include="crypto\asn1\tasn_utl.c">
      <Filter>crypto\asn1</Filter>
    </ClCompile>
    <ClCompile Include="crypto\asn1\x_algor.c">
      <Filter>crypto\asn1</Filter>
    </ClCompile>
    <ClCompile Include="crypto\asn1\x_bignum.c">
      <Filter>crypto\asn1</Filter>
    </ClCompile>
    <ClCompile Include="crypto\asn1\x_info.c">
      <Filter>crypto\asn1</Filter>
    </ClCompile>
    <ClCompile Include="crypto\asn1\x_int64.c">
      <Filter>crypto\asn1</Filter>
    </ClCompile>
    <ClCompile Include="crypto\asn1\x_long.c">
      <Filter>crypto\asn1</Filter>
    </ClCompile>
    <ClCompile Include="crypto\asn1\x_pkey.c">
      <Filter>crypto\asn1</Filter>
    </ClCompile>
    <ClCompile Include="crypto\asn1\x_sig.c">
      <Filter>crypto\asn1</Filter>
    </ClCompile>
    <ClCompile Include="crypto\async\async.c">
      <Filter>crypto\async</Filter>
    </ClCompile>
    <ClCompile Include="crypto\async\async_err.c">
      <Filter>crypto\async</Filter>
    </ClCompile>
    <ClCompile Include="crypto\async\async_wait.c">
      <Filter>crypto\async</Filter>
    </ClCompile>
    <ClCompile Include="crypto\async\arch\async_posix.c">
      <Filter>crypto\async\arch</Filter>
    </ClCompile>
    <ClCompile Include="crypto\async\arch\async_win.c">
      <Filter>crypto\async\arch</Filter>
    </ClCompile>
    <ClCompile Include="crypto\async\arch\async_null.c">
      <Filter>crypto\async\arch</Filter>
    </ClCompile>
    <ClCompile Include="crypto\bf\bf_cfb64.c">
      <Filter>crypto\bf</Filter>
    </ClCompile>
    <ClCompile Include="crypto\bf\bf_ecb.c">
      <Filter>crypto\bf</Filter>
    </ClCompile>
    <ClCompile Include="crypto\bf\bf_enc.c">
      <Filter>crypto\bf</Filter>
    </ClCompile>
    <ClCompile Include="crypto\bf\bf_ofb64.c">
      <Filter>crypto\bf</Filter>
    </ClCompile>
    <ClCompile Include="crypto\bf\bf_skey.c">
      <Filter>crypto\bf</Filter>
    </ClCompile>
    <ClCompile Include="crypto\bio\bss_dgram.c">
      <Filter>crypto\bio</Filter>
    </ClCompile>
    <ClCompile Include="crypto\bio\bss_fd.c">
      <Filter>crypto\bio</Filter>
    </ClCompile>
    <ClCompile Include="crypto\bio\bss_file.c">
      <Filter>crypto\bio</Filter>
    </ClCompile>
    <ClCompile Include="crypto\bio\bss_log.c">
      <Filter>crypto\bio</Filter>
    </ClCompile>
    <ClCompile Include="crypto\bio\bss_mem.c">
      <Filter>crypto\bio</Filter>
    </ClCompile>
    <ClCompile Include="crypto\bio\bss_null.c">
      <Filter>crypto\bio</Filter>
    </ClCompile>
    <ClCompile Include="crypto\bio\bss_sock.c">
      <Filter>crypto\bio</Filter>
    </ClCompile>
    <ClCompile Include="crypto\bio\b_addr.c">
      <Filter>crypto\bio</Filter>
    </ClCompile>
    <ClCompile Include="crypto\bio\b_dump.c">
      <Filter>crypto\bio</Filter>
    </ClCompile>
    <ClCompile Include="crypto\bio\b_print.c">
      <Filter>crypto\bio</Filter>
    </ClCompile>
    <ClCompile Include="crypto\bio\b_sock.c">
      <Filter>crypto\bio</Filter>
    </ClCompile>
    <ClCompile Include="crypto\bio\b_sock2.c">
      <Filter>crypto\bio</Filter>
    </ClCompile>
    <ClCompile Include="crypto\bio\bf_buff.c">
      <Filter>crypto\bio</Filter>
    </ClCompile>
    <ClCompile Include="crypto\bio\bf_lbuf.c">
      <Filter>crypto\bio</Filter>
    </ClCompile>
    <ClCompile Include="crypto\bio\bf_nbio.c">
      <Filter>crypto\bio</Filter>
    </ClCompile>
    <ClCompile Include="crypto\bio\bf_null.c">
      <Filter>crypto\bio</Filter>
    </ClCompile>
    <ClCompile Include="crypto\bio\bio_cb.c">
      <Filter>crypto\bio</Filter>
    </ClCompile>
    <ClCompile Include="crypto\bio\bio_err.c">
      <Filter>crypto\bio</Filter>
    </ClCompile>
    <ClCompile Include="crypto\bio\bio_lib.c">
      <Filter>crypto\bio</Filter>
    </ClCompile>
    <ClCompile Include="crypto\bio\bio_meth.c">
      <Filter>crypto\bio</Filter>
    </ClCompile>
    <ClCompile Include="crypto\bio\bss_acpt.c">
      <Filter>crypto\bio</Filter>
    </ClCompile>
    <ClCompile Include="crypto\bio\bss_bio.c">
      <Filter>crypto\bio</Filter>
    </ClCompile>
    <ClCompile Include="crypto\bio\bss_conn.c">
      <Filter>crypto\bio</Filter>
    </ClCompile>
    <ClCompile Include="crypto\blake2\blake2b.c">
      <Filter>crypto\blake2</Filter>
    </ClCompile>
    <ClCompile Include="crypto\blake2\blake2s.c">
      <Filter>crypto\blake2</Filter>
    </ClCompile>
    <ClCompile Include="crypto\blake2\m_blake2b.c">
      <Filter>crypto\blake2</Filter>
    </ClCompile>
    <ClCompile Include="crypto\blake2\m_blake2s.c">
      <Filter>crypto\blake2</Filter>
    </ClCompile>
    <ClCompile Include="crypto\bn\bn_add.c">
      <Filter>crypto\bn</Filter>
    </ClCompile>
    <ClCompile Include="crypto\bn\bn_asm.c">
      <Filter>crypto\bn</Filter>
    </ClCompile>
    <ClCompile Include="crypto\bn\bn_blind.c">
      <Filter>crypto\bn</Filter>
    </ClCompile>
    <ClCompile Include="crypto\bn\bn_const.c">
      <Filter>crypto\bn</Filter>
    </ClCompile>
    <ClCompile Include="crypto\bn\bn_ctx.c">
      <Filter>crypto\bn</Filter>
    </ClCompile>
    <ClCompile Include="crypto\bn\bn_depr.c">
      <Filter>crypto\bn</Filter>
    </ClCompile>
    <ClCompile Include="crypto\bn\bn_dh.c">
      <Filter>crypto\bn</Filter>
    </ClCompile>
    <ClCompile Include="crypto\bn\bn_div.c">
      <Filter>crypto\bn</Filter>
    </ClCompile>
    <ClCompile Include="crypto\bn\bn_err.c">
      <Filter>crypto\bn</Filter>
    </ClCompile>
    <ClCompile Include="crypto\bn\bn_exp.c">
      <Filter>crypto\bn</Filter>
    </ClCompile>
    <ClCompile Include="crypto\bn\bn_exp2.c">
      <Filter>crypto\bn</Filter>
    </ClCompile>
    <ClCompile Include="crypto\bn\bn_gcd.c">
      <Filter>crypto\bn</Filter>
    </ClCompile>
    <ClCompile Include="crypto\bn\bn_gf2m.c">
      <Filter>crypto\bn</Filter>
    </ClCompile>
    <ClCompile Include="crypto\bn\bn_intern.c">
      <Filter>crypto\bn</Filter>
    </ClCompile>
    <ClCompile Include="crypto\bn\bn_kron.c">
      <Filter>crypto\bn</Filter>
    </ClCompile>
    <ClCompile Include="crypto\bn\bn_lib.c">
      <Filter>crypto\bn</Filter>
    </ClCompile>
    <ClCompile Include="crypto\bn\bn_mod.c">
      <Filter>crypto\bn</Filter>
    </ClCompile>
    <ClCompile Include="crypto\bn\bn_mont.c">
      <Filter>crypto\bn</Filter>
    </ClCompile>
    <ClCompile Include="crypto\bn\bn_mpi.c">
      <Filter>crypto\bn</Filter>
    </ClCompile>
    <ClCompile Include="crypto\bn\bn_mul.c">
      <Filter>crypto\bn</Filter>
    </ClCompile>
    <ClCompile Include="crypto\bn\bn_nist.c">
      <Filter>crypto\bn</Filter>
    </ClCompile>
    <ClCompile Include="crypto\bn\bn_prime.c">
      <Filter>crypto\bn</Filter>
    </ClCompile>
    <ClCompile Include="crypto\bn\bn_print.c">
      <Filter>crypto\bn</Filter>
    </ClCompile>
    <ClCompile Include="crypto\bn\bn_rand.c">
      <Filter>crypto\bn</Filter>
    </ClCompile>
    <ClCompile Include="crypto\bn\bn_recp.c">
      <Filter>crypto\bn</Filter>
    </ClCompile>
    <ClCompile Include="crypto\bn\bn_shift.c">
      <Filter>crypto\bn</Filter>
    </ClCompile>
    <ClCompile Include="crypto\bn\bn_sqr.c">
      <Filter>crypto\bn</Filter>
    </ClCompile>
    <ClCompile Include="crypto\bn\bn_sqrt.c">
      <Filter>crypto\bn</Filter>
    </ClCompile>
    <ClCompile Include="crypto\bn\bn_srp.c">
      <Filter>crypto\bn</Filter>
    </ClCompile>
    <ClCompile Include="crypto\bn\bn_word.c">
      <Filter>crypto\bn</Filter>
    </ClCompile>
    <ClCompile Include="crypto\bn\bn_x931p.c">
      <Filter>crypto\bn</Filter>
    </ClCompile>
    <ClCompile Include="crypto\bn\rsaz_exp.c">
      <Filter>crypto\bn</Filter>
    </ClCompile>
    <ClCompile Include="crypto\bn\asm\x86_64-gcc.c">
      <Filter>crypto\bn\asm</Filter>
    </ClCompile>
    <ClCompile Include="crypto\buffer\buf_err.c">
      <Filter>crypto\buffer</Filter>
    </ClCompile>
    <ClCompile Include="crypto\buffer\buffer.c">
      <Filter>crypto\buffer</Filter>
    </ClCompile>
    <ClCompile Include="crypto\camellia\camellia.c">
      <Filter>crypto\camellia</Filter>
    </ClCompile>
    <ClCompile Include="crypto\camellia\cmll_cbc.c">
      <Filter>crypto\camellia</Filter>
    </ClCompile>
    <ClCompile Include="crypto\camellia\cmll_cfb.c">
      <Filter>crypto\camellia</Filter>
    </ClCompile>
    <ClCompile Include="crypto\camellia\cmll_ctr.c">
      <Filter>crypto\camellia</Filter>
    </ClCompile>
    <ClCompile Include="crypto\camellia\cmll_ecb.c">
      <Filter>crypto\camellia</Filter>
    </ClCompile>
    <ClCompile Include="crypto\camellia\cmll_misc.c">
      <Filter>crypto\camellia</Filter>
    </ClCompile>
    <ClCompile Include="crypto\camellia\cmll_ofb.c">
      <Filter>crypto\camellia</Filter>
    </ClCompile>
    <ClCompile Include="crypto\cast\c_cfb64.c">
      <Filter>crypto\cast</Filter>
    </ClCompile>
    <ClCompile Include="crypto\cast\c_ecb.c">
      <Filter>crypto\cast</Filter>
    </ClCompile>
    <ClCompile Include="crypto\cast\c_enc.c">
      <Filter>crypto\cast</Filter>
    </ClCompile>
    <ClCompile Include="crypto\cast\c_ofb64.c">
      <Filter>crypto\cast</Filter>
    </ClCompile>
    <ClCompile Include="crypto\cast\c_skey.c">
      <Filter>crypto\cast</Filter>
    </ClCompile>
    <ClCompile Include="crypto\chacha\chacha_enc.c">
      <Filter>crypto\chacha</Filter>
    </ClCompile>
    <ClCompile Include="crypto\cmac\cm_ameth.c">
      <Filter>crypto\cmac</Filter>
    </ClCompile>
    <ClCompile Include="crypto\cmac\cm_meth.c">
      <Filter>crypto\cmac</Filter>
    </ClCompile>
    <ClCompile Include="crypto\cmac\cmac.c">
      <Filter>crypto\cmac</Filter>
    </ClCompile>
    <ClCompile Include="crypto\cms\cms_asn1.c">
      <Filter>crypto\cms</Filter>
    </ClCompile>
    <ClCompile Include="crypto\cms\cms_att.c">
      <Filter>crypto\cms</Filter>
    </ClCompile>
    <ClCompile Include="crypto\cms\cms_cd.c">
      <Filter>crypto\cms</Filter>
    </ClCompile>
    <ClCompile Include="crypto\cms\cms_dd.c">
      <Filter>crypto\cms</Filter>
    </ClCompile>
    <ClCompile Include="crypto\cms\cms_enc.c">
      <Filter>crypto\cms</Filter>
    </ClCompile>
    <ClCompile Include="crypto\cms\cms_env.c">
      <Filter>crypto\cms</Filter>
    </ClCompile>
    <ClCompile Include="crypto\cms\cms_err.c">
      <Filter>crypto\cms</Filter>
    </ClCompile>
    <ClCompile Include="crypto\cms\cms_ess.c">
      <Filter>crypto\cms</Filter>
    </ClCompile>
    <ClCompile Include="crypto\cms\cms_io.c">
      <Filter>crypto\cms</Filter>
    </ClCompile>
    <ClCompile Include="crypto\cms\cms_kari.c">
      <Filter>crypto\cms</Filter>
    </ClCompile>
    <ClCompile Include="crypto\cms\cms_lib.c">
      <Filter>crypto\cms</Filter>
    </ClCompile>
    <ClCompile Include="crypto\cms\cms_pwri.c">
      <Filter>crypto\cms</Filter>
    </ClCompile>
    <ClCompile Include="crypto\cms\cms_sd.c">
      <Filter>crypto\cms</Filter>
    </ClCompile>
    <ClCompile Include="crypto\cms\cms_smime.c">
      <Filter>crypto\cms</Filter>
    </ClCompile>
    <ClCompile Include="crypto\comp\c_zlib.c">
      <Filter>crypto\comp</Filter>
    </ClCompile>
    <ClCompile Include="crypto\comp\comp_err.c">
      <Filter>crypto\comp</Filter>
    </ClCompile>
    <ClCompile Include="crypto\comp\comp_lib.c">
      <Filter>crypto\comp</Filter>
    </ClCompile>
    <ClCompile Include="crypto\conf\conf_api.c">
      <Filter>crypto\conf</Filter>
    </ClCompile>
    <ClCompile Include="crypto\conf\conf_def.c">
      <Filter>crypto\conf</Filter>
    </ClCompile>
    <ClCompile Include="crypto\conf\conf_err.c">
      <Filter>crypto\conf</Filter>
    </ClCompile>
    <ClCompile Include="crypto\conf\conf_lib.c">
      <Filter>crypto\conf</Filter>
    </ClCompile>
    <ClCompile Include="crypto\conf\conf_mall.c">
      <Filter>crypto\conf</Filter>
    </ClCompile>
    <ClCompile Include="crypto\conf\conf_mod.c">
      <Filter>crypto\conf</Filter>
    </ClCompile>
    <ClCompile Include="crypto\conf\conf_sap.c">
      <Filter>crypto\conf</Filter>
    </ClCompile>
    <ClCompile Include="crypto\conf\conf_ssl.c">
      <Filter>crypto\conf</Filter>
    </ClCompile>
    <ClCompile Include="crypto\ct\ct_b64.c">
      <Filter>crypto\ct</Filter>
    </ClCompile>
    <ClCompile Include="crypto\ct\ct_err.c">
      <Filter>crypto\ct</Filter>
    </ClCompile>
    <ClCompile Include="crypto\ct\ct_log.c">
      <Filter>crypto\ct</Filter>
    </ClCompile>
    <ClCompile Include="crypto\ct\ct_oct.c">
      <Filter>crypto\ct</Filter>
    </ClCompile>
    <ClCompile Include="crypto\ct\ct_policy.c">
      <Filter>crypto\ct</Filter>
    </ClCompile>
    <ClCompile Include="crypto\ct\ct_prn.c">
      <Filter>crypto\ct</Filter>
    </ClCompile>
    <ClCompile Include="crypto\ct\ct_sct.c">
      <Filter>crypto\ct</Filter>
    </ClCompile>
    <ClCompile Include="crypto\ct\ct_sct_ctx.c">
      <Filter>crypto\ct</Filter>
    </ClCompile>
    <ClCompile Include="crypto\ct\ct_vfy.c">
      <Filter>crypto\ct</Filter>
    </ClCompile>
    <ClCompile Include="crypto\ct\ct_x509v3.c">
      <Filter>crypto\ct</Filter>
    </ClCompile>
    <ClCompile Include="crypto\des\cbc_cksm.c">
      <Filter>crypto\des</Filter>
    </ClCompile>
    <ClCompile Include="crypto\des\cbc_enc.c">
      <Filter>crypto\des</Filter>
    </ClCompile>
    <ClCompile Include="crypto\des\cfb_enc.c">
      <Filter>crypto\des</Filter>
    </ClCompile>
    <ClCompile Include="crypto\des\cfb64ede.c">
      <Filter>crypto\des</Filter>
    </ClCompile>
    <ClCompile Include="crypto\des\cfb64enc.c">
      <Filter>crypto\des</Filter>
    </ClCompile>
    <ClCompile Include="crypto\des\des_enc.c">
      <Filter>crypto\des</Filter>
    </ClCompile>
    <ClCompile Include="crypto\des\ecb_enc.c">
      <Filter>crypto\des</Filter>
    </ClCompile>
    <ClCompile Include="crypto\des\ecb3_enc.c">
      <Filter>crypto\des</Filter>
    </ClCompile>
    <ClCompile Include="crypto\des\fcrypt.c">
      <Filter>crypto\des</Filter>
    </ClCompile>
    <ClCompile Include="crypto\des\fcrypt_b.c">
      <Filter>crypto\des</Filter>
    </ClCompile>
    <ClCompile Include="crypto\des\ncbc_enc.c">
      <Filter>crypto\des</Filter>
    </ClCompile>
    <ClCompile Include="crypto\des\ofb_enc.c">
      <Filter>crypto\des</Filter>
    </ClCompile>
    <ClCompile Include="crypto\des\ofb64ede.c">
      <Filter>crypto\des</Filter>
    </ClCompile>
    <ClCompile Include="crypto\des\ofb64enc.c">
      <Filter>crypto\des</Filter>
    </ClCompile>
    <ClCompile Include="crypto\des\pcbc_enc.c">
      <Filter>crypto\des</Filter>
    </ClCompile>
    <ClCompile Include="crypto\des\qud_cksm.c">
      <Filter>crypto\des</Filter>
    </ClCompile>
    <ClCompile Include="crypto\des\rand_key.c">
      <Filter>crypto\des</Filter>
    </ClCompile>
    <ClCompile Include="crypto\des\set_key.c">
      <Filter>crypto\des</Filter>
    </ClCompile>
    <ClCompile Include="crypto\des\str2key.c">
      <Filter>crypto\des</Filter>
    </ClCompile>
    <ClCompile Include="crypto\des\xcbc_enc.c">
      <Filter>crypto\des</Filter>
    </ClCompile>
    <ClCompile Include="crypto\dh\dh_ameth.c">
      <Filter>crypto\dh</Filter>
    </ClCompile>
    <ClCompile Include="crypto\dh\dh_asn1.c">
      <Filter>crypto\dh</Filter>
    </ClCompile>
    <ClCompile Include="crypto\dh\dh_check.c">
      <Filter>crypto\dh</Filter>
    </ClCompile>
    <ClCompile Include="crypto\dh\dh_depr.c">
      <Filter>crypto\dh</Filter>
    </ClCompile>
    <ClCompile Include="crypto\dh\dh_err.c">
      <Filter>crypto\dh</Filter>
    </ClCompile>
    <ClCompile Include="crypto\dh\dh_gen.c">
      <Filter>crypto\dh</Filter>
    </ClCompile>
    <ClCompile Include="crypto\dh\dh_kdf.c">
      <Filter>crypto\dh</Filter>
    </ClCompile>
    <ClCompile Include="crypto\dh\dh_key.c">
      <Filter>crypto\dh</Filter>
    </ClCompile>
    <ClCompile Include="crypto\dh\dh_lib.c">
      <Filter>crypto\dh</Filter>
    </ClCompile>
    <ClCompile Include="crypto\dh\dh_meth.c">
      <Filter>crypto\dh</Filter>
    </ClCompile>
    <ClCompile Include="crypto\dh\dh_pmeth.c">
      <Filter>crypto\dh</Filter>
    </ClCompile>
    <ClCompile Include="crypto\dh\dh_prn.c">
      <Filter>crypto\dh</Filter>
    </ClCompile>
    <ClCompile Include="crypto\dh\dh_rfc5114.c">
      <Filter>crypto\dh</Filter>
    </ClCompile>
    <ClCompile Include="crypto\dh\dh_rfc7919.c">
      <Filter>crypto\dh</Filter>
    </ClCompile>
    <ClCompile Include="crypto\dsa\dsa_ameth.c">
      <Filter>crypto\dsa</Filter>
    </ClCompile>
    <ClCompile Include="crypto\dsa\dsa_asn1.c">
      <Filter>crypto\dsa</Filter>
    </ClCompile>
    <ClCompile Include="crypto\dsa\dsa_depr.c">
      <Filter>crypto\dsa</Filter>
    </ClCompile>
    <ClCompile Include="crypto\dsa\dsa_err.c">
      <Filter>crypto\dsa</Filter>
    </ClCompile>
    <ClCompile Include="crypto\dsa\dsa_gen.c">
      <Filter>crypto\dsa</Filter>
    </ClCompile>
    <ClCompile Include="crypto\dsa\dsa_key.c">
      <Filter>crypto\dsa</Filter>
    </ClCompile>
    <ClCompile Include="crypto\dsa\dsa_lib.c">
      <Filter>crypto\dsa</Filter>
    </ClCompile>
    <ClCompile Include="crypto\dsa\dsa_meth.c">
      <Filter>crypto\dsa</Filter>
    </ClCompile>
    <ClCompile Include="crypto\dsa\dsa_ossl.c">
      <Filter>crypto\dsa</Filter>
    </ClCompile>
    <ClCompile Include="crypto\dsa\dsa_pmeth.c">
      <Filter>crypto\dsa</Filter>
    </ClCompile>
    <ClCompile Include="crypto\dsa\dsa_prn.c">
      <Filter>crypto\dsa</Filter>
    </ClCompile>
    <ClCompile Include="crypto\dsa\dsa_sign.c">
      <Filter>crypto\dsa</Filter>
    </ClCompile>
    <ClCompile Include="crypto\dsa\dsa_vrf.c">
      <Filter>crypto\dsa</Filter>
    </ClCompile>
    <ClCompile Include="crypto\dso\dso_dl.c">
      <Filter>crypto\dso</Filter>
    </ClCompile>
    <ClCompile Include="crypto\dso\dso_dlfcn.c">
      <Filter>crypto\dso</Filter>
    </ClCompile>
    <ClCompile Include="crypto\dso\dso_err.c">
      <Filter>crypto\dso</Filter>
    </ClCompile>
    <ClCompile Include="crypto\dso\dso_lib.c">
      <Filter>crypto\dso</Filter>
    </ClCompile>
    <ClCompile Include="crypto\dso\dso_openssl.c">
      <Filter>crypto\dso</Filter>
    </ClCompile>
    <ClCompile Include="crypto\dso\dso_vms.c">
      <Filter>crypto\dso</Filter>
    </ClCompile>
    <ClCompile Include="crypto\dso\dso_win32.c">
      <Filter>crypto\dso</Filter>
    </ClCompile>
    <ClCompile Include="crypto\ec\curve25519.c">
      <Filter>crypto\ec</Filter>
    </ClCompile>
    <ClCompile Include="crypto\ec\ec_ameth.c">
      <Filter>crypto\ec</Filter>
    </ClCompile>
    <ClCompile Include="crypto\ec\ec_asn1.c">
      <Filter>crypto\ec</Filter>
    </ClCompile>
    <ClCompile Include="crypto\ec\ec_check.c">
      <Filter>crypto\ec</Filter>
    </ClCompile>
    <ClCompile Include="crypto\ec\ec_curve.c">
      <Filter>crypto\ec</Filter>
    </ClCompile>
    <ClCompile Include="crypto\ec\ec_cvt.c">
      <Filter>crypto\ec</Filter>
    </ClCompile>
    <ClCompile Include="crypto\ec\ec_err.c">
      <Filter>crypto\ec</Filter>
    </ClCompile>
    <ClCompile Include="crypto\ec\ec_key.c">
      <Filter>crypto\ec</Filter>
    </ClCompile>
    <ClCompile Include="crypto\ec\ec_kmeth.c">
      <Filter>crypto\ec</Filter>
    </ClCompile>
    <ClCompile Include="crypto\ec\ec_lib.c">
      <Filter>crypto\ec</Filter>
    </ClCompile>
    <ClCompile Include="crypto\ec\ec_mult.c">
      <Filter>crypto\ec</Filter>
    </ClCompile>
    <ClCompile Include="crypto\ec\ec_oct.c">
      <Filter>crypto\ec</Filter>
    </ClCompile>
    <ClCompile Include="crypto\ec\ec_pmeth.c">
      <Filter>crypto\ec</Filter>
    </ClCompile>
    <ClCompile Include="crypto\ec\ec_print.c">
      <Filter>crypto\ec</Filter>
    </ClCompile>
    <ClCompile Include="crypto\ec\ec2_oct.c">
      <Filter>crypto\ec</Filter>
    </ClCompile>
    <ClCompile Include="crypto\ec\ec2_smpl.c">
      <Filter>crypto\ec</Filter>
    </ClCompile>
    <ClCompile Include="crypto\ec\ecdh_kdf.c">
      <Filter>crypto\ec</Filter>
    </ClCompile>
    <ClCompile Include="crypto\ec\ecdh_ossl.c">
      <Filter>crypto\ec</Filter>
    </ClCompile>
    <ClCompile Include="crypto\ec\ecdsa_ossl.c">
      <Filter>crypto\ec</Filter>
    </ClCompile>
    <ClCompile Include="crypto\ec\ecdsa_sign.c">
      <Filter>crypto\ec</Filter>
    </ClCompile>
    <ClCompile Include="crypto\ec\ecdsa_vrf.c">
      <Filter>crypto\ec</Filter>
    </ClCompile>
    <ClCompile Include="crypto\ec\eck_prn.c">
      <Filter>crypto\ec</Filter>
    </ClCompile>
    <ClCompile Include="crypto\ec\ecp_mont.c">
      <Filter>crypto\ec</Filter>
    </ClCompile>
    <ClCompile Include="crypto\ec\ecp_nist.c">
      <Filter>crypto\ec</Filter>
    </ClCompile>
    <ClCompile Include="crypto\ec\ecp_nistp224.c">
      <Filter>crypto\ec</Filter>
    </ClCompile>
    <ClCompile Include="crypto\ec\ecp_nistp256.c">
      <Filter>crypto\ec</Filter>
    </ClCompile>
    <ClCompile Include="crypto\ec\ecp_nistp521.c">
      <Filter>crypto\ec</Filter>
    </ClCompile>
    <ClCompile Include="crypto\ec\ecp_nistputil.c">
      <Filter>crypto\ec</Filter>
    </ClCompile>
    <ClCompile Include="crypto\ec\ecp_nistz256.c">
      <Filter>crypto\ec</Filter>
    </ClCompile>
    <ClCompile Include="crypto\ec\ecp_nistz256_table.c">
      <Filter>crypto\ec</Filter>
    </ClCompile>
    <ClCompile Include="crypto\ec\ecp_oct.c">
      <Filter>crypto\ec</Filter>
    </ClCompile>
    <ClCompile Include="crypto\ec\ecp_smpl.c">
      <Filter>crypto\ec</Filter>
    </ClCompile>
    <ClCompile Include="crypto\ec\ecx_meth.c">
      <Filter>crypto\ec</Filter>
    </ClCompile>
    <ClCompile Include="crypto\ec\curve448\curve448.c">
      <Filter>crypto\ec\curve448</Filter>
    </ClCompile>
    <ClCompile Include="crypto\ec\curve448\curve448_tables.c">
      <Filter>crypto\ec\curve448</Filter>
    </ClCompile>
    <ClCompile Include="crypto\ec\curve448\eddsa.c">
      <Filter>crypto\ec\curve448</Filter>
    </ClCompile>
    <ClCompile Include="crypto\ec\curve448\f_generic.c">
      <Filter>crypto\ec\curve448</Filter>
    </ClCompile>
    <ClCompile Include="crypto\ec\curve448\scalar.c">
      <Filter>crypto\ec\curve448</Filter>
    </ClCompile>
    <ClCompile Include="crypto\ec\curve448\arch_32\f_impl.c">
      <Filter>crypto\ec\curve448\arch_32</Filter>
    </ClCompile>
    <ClCompile Include="crypto\engine\tb_rand.c">
      <Filter>crypto\engine</Filter>
    </ClCompile>
    <ClCompile Include="crypto\engine\tb_rsa.c">
      <Filter>crypto\engine</Filter>
    </ClCompile>
    <ClCompile Include="crypto\engine\eng_all.c">
      <Filter>crypto\engine</Filter>
    </ClCompile>
    <ClCompile Include="crypto\engine\eng_cnf.c">
      <Filter>crypto\engine</Filter>
    </ClCompile>
    <ClCompile Include="crypto\engine\eng_ctrl.c">
      <Filter>crypto\engine</Filter>
    </ClCompile>
    <ClCompile Include="crypto\engine\eng_devcrypto.c">
      <Filter>crypto\engine</Filter>
    </ClCompile>
    <ClCompile Include="crypto\engine\eng_dyn.c">
      <Filter>crypto\engine</Filter>
    </ClCompile>
    <ClCompile Include="crypto\engine\eng_err.c">
      <Filter>crypto\engine</Filter>
    </ClCompile>
    <ClCompile Include="crypto\engine\eng_fat.c">
      <Filter>crypto\engine</Filter>
    </ClCompile>
    <ClCompile Include="crypto\engine\eng_init.c">
      <Filter>crypto\engine</Filter>
    </ClCompile>
    <ClCompile Include="crypto\engine\eng_lib.c">
      <Filter>crypto\engine</Filter>
    </ClCompile>
    <ClCompile Include="crypto\engine\eng_list.c">
      <Filter>crypto\engine</Filter>
    </ClCompile>
    <ClCompile Include="crypto\engine\eng_openssl.c">
      <Filter>crypto\engine</Filter>
    </ClCompile>
    <ClCompile Include="crypto\engine\eng_pkey.c">
      <Filter>crypto\engine</Filter>
    </ClCompile>
    <ClCompile Include="crypto\engine\eng_rdrand.c">
      <Filter>crypto\engine</Filter>
    </ClCompile>
    <ClCompile Include="crypto\engine\eng_table.c">
      <Filter>crypto\engine</Filter>
    </ClCompile>
    <ClCompile Include="crypto\engine\tb_asnmth.c">
      <Filter>crypto\engine</Filter>
    </ClCompile>
    <ClCompile Include="crypto\engine\tb_cipher.c">
      <Filter>crypto\engine</Filter>
    </ClCompile>
    <ClCompile Include="crypto\engine\tb_dh.c">
      <Filter>crypto\engine</Filter>
    </ClCompile>
    <ClCompile Include="crypto\engine\tb_digest.c">
      <Filter>crypto\engine</Filter>
    </ClCompile>
    <ClCompile Include="crypto\engine\tb_dsa.c">
      <Filter>crypto\engine</Filter>
    </ClCompile>
    <ClCompile Include="crypto\engine\tb_eckey.c">
      <Filter>crypto\engine</Filter>
    </ClCompile>
    <ClCompile Include="crypto\engine\tb_pkmeth.c">
      <Filter>crypto\engine</Filter>
    </ClCompile>
    <ClCompile Include="crypto\err\err.c">
      <Filter>crypto\err</Filter>
    </ClCompile>
    <ClCompile Include="crypto\err\err_all.c">
      <Filter>crypto\err</Filter>
    </ClCompile>
    <ClCompile Include="crypto\err\err_prn.c">
      <Filter>crypto\err</Filter>
    </ClCompile>
    <ClCompile Include="crypto\evp\pmeth_lib.c">
      <Filter>crypto\evp</Filter>
    </ClCompile>
    <ClCompile Include="crypto\evp\bio_b64.c">
      <Filter>crypto\evp</Filter>
    </ClCompile>
    <ClCompile Include="crypto\evp\bio_enc.c">
      <Filter>crypto\evp</Filter>
    </ClCompile>
    <ClCompile Include="crypto\evp\bio_md.c">
      <Filter>crypto\evp</Filter>
    </ClCompile>
    <ClCompile Include="crypto\evp\bio_ok.c">
      <Filter>crypto\evp</Filter>
    </ClCompile>
    <ClCompile Include="crypto\evp\c_allc.c">
      <Filter>crypto\evp</Filter>
    </ClCompile>
    <ClCompile Include="crypto\evp\c_alld.c">
      <Filter>crypto\evp</Filter>
    </ClCompile>
    <ClCompile Include="crypto\evp\c_allm.c">
      <Filter>crypto\evp</Filter>
    </ClCompile>
    <ClCompile Include="crypto\evp\cmeth_lib.c">
      <Filter>crypto\evp</Filter>
    </ClCompile>
    <ClCompile Include="crypto\evp\digest.c">
      <Filter>crypto\evp</Filter>
    </ClCompile>
    <ClCompile Include="crypto\evp\e_aes.c">
      <Filter>crypto\evp</Filter>
    </ClCompile>
    <ClCompile Include="crypto\evp\e_aes_cbc_hmac_sha1.c">
      <Filter>crypto\evp</Filter>
    </ClCompile>
    <ClCompile Include="crypto\evp\e_aes_cbc_hmac_sha256.c">
      <Filter>crypto\evp</Filter>
    </ClCompile>
    <ClCompile Include="crypto\evp\e_aria.c">
      <Filter>crypto\evp</Filter>
    </ClCompile>
    <ClCompile Include="crypto\evp\e_bf.c">
      <Filter>crypto\evp</Filter>
    </ClCompile>
    <ClCompile Include="crypto\evp\e_camellia.c">
      <Filter>crypto\evp</Filter>
    </ClCompile>
    <ClCompile Include="crypto\evp\e_cast.c">
      <Filter>crypto\evp</Filter>
    </ClCompile>
    <ClCompile Include="crypto\evp\e_chacha20_poly1305.c">
      <Filter>crypto\evp</Filter>
    </ClCompile>
    <ClCompile Include="crypto\evp\e_des.c">
      <Filter>crypto\evp</Filter>
    </ClCompile>
    <ClCompile Include="crypto\evp\e_des3.c">
      <Filter>crypto\evp</Filter>
    </ClCompile>
    <ClCompile Include="crypto\evp\e_idea.c">
      <Filter>crypto\evp</Filter>
    </ClCompile>
    <ClCompile Include="crypto\evp\e_null.c">
      <Filter>crypto\evp</Filter>
    </ClCompile>
    <ClCompile Include="crypto\evp\e_old.c">
      <Filter>crypto\evp</Filter>
    </ClCompile>
    <ClCompile Include="crypto\evp\e_rc2.c">
      <Filter>crypto\evp</Filter>
    </ClCompile>
    <ClCompile Include="crypto\evp\e_rc4.c">
      <Filter>crypto\evp</Filter>
    </ClCompile>
    <ClCompile Include="crypto\evp\e_rc4_hmac_md5.c">
      <Filter>crypto\evp</Filter>
    </ClCompile>
    <ClCompile Include="crypto\evp\e_rc5.c">
      <Filter>crypto\evp</Filter>
    </ClCompile>
    <ClCompile Include="crypto\evp\e_seed.c">
      <Filter>crypto\evp</Filter>
    </ClCompile>
    <ClCompile Include="crypto\evp\e_sm4.c">
      <Filter>crypto\evp</Filter>
    </ClCompile>
    <ClCompile Include="crypto\evp\e_xcbc_d.c">
      <Filter>crypto\evp</Filter>
    </ClCompile>
    <ClCompile Include="crypto\evp\encode.c">
      <Filter>crypto\evp</Filter>
    </ClCompile>
    <ClCompile Include="crypto\evp\evp_cnf.c">
      <Filter>crypto\evp</Filter>
    </ClCompile>
    <ClCompile Include="crypto\evp\evp_enc.c">
      <Filter>crypto\evp</Filter>
    </ClCompile>
    <ClCompile Include="crypto\evp\evp_err.c">
      <Filter>crypto\evp</Filter>
    </ClCompile>
    <ClCompile Include="crypto\evp\evp_key.c">
      <Filter>crypto\evp</Filter>
    </ClCompile>
    <ClCompile Include="crypto\evp\evp_lib.c">
      <Filter>crypto\evp</Filter>
    </ClCompile>
    <ClCompile Include="crypto\evp\evp_pbe.c">
      <Filter>crypto\evp</Filter>
    </ClCompile>
    <ClCompile Include="crypto\evp\evp_pkey.c">
      <Filter>crypto\evp</Filter>
    </ClCompile>
    <ClCompile Include="crypto\evp\m_md2.c">
      <Filter>crypto\evp</Filter>
    </ClCompile>
    <ClCompile Include="crypto\evp\m_md4.c">
      <Filter>crypto\evp</Filter>
    </ClCompile>
    <ClCompile Include="crypto\evp\m_md5.c">
      <Filter>crypto\evp</Filter>
    </ClCompile>
    <ClCompile Include="crypto\evp\m_md5_sha1.c">
      <Filter>crypto\evp</Filter>
    </ClCompile>
    <ClCompile Include="crypto\evp\m_mdc2.c">
      <Filter>crypto\evp</Filter>
    </ClCompile>
    <ClCompile Include="crypto\evp\m_null.c">
      <Filter>crypto\evp</Filter>
    </ClCompile>
    <ClCompile Include="crypto\evp\m_ripemd.c">
      <Filter>crypto\evp</Filter>
    </ClCompile>
    <ClCompile Include="crypto\evp\m_sha1.c">
      <Filter>crypto\evp</Filter>
    </ClCompile>
    <ClCompile Include="crypto\evp\m_sha3.c">
      <Filter>crypto\evp</Filter>
    </ClCompile>
    <ClCompile Include="crypto\evp\m_sigver.c">
      <Filter>crypto\evp</Filter>
    </ClCompile>
    <ClCompile Include="crypto\evp\m_wp.c">
      <Filter>crypto\evp</Filter>
    </ClCompile>
    <ClCompile Include="crypto\evp\mac_lib.c">
      <Filter>crypto\evp</Filter>
    </ClCompile>
    <ClCompile Include="crypto\evp\names.c">
      <Filter>crypto\evp</Filter>
    </ClCompile>
    <ClCompile Include="crypto\evp\p_dec.c">
      <Filter>crypto\evp</Filter>
    </ClCompile>
    <ClCompile Include="crypto\evp\p_enc.c">
      <Filter>crypto\evp</Filter>
    </ClCompile>
    <ClCompile Include="crypto\evp\p_lib.c">
      <Filter>crypto\evp</Filter>
    </ClCompile>
    <ClCompile Include="crypto\evp\p_open.c">
      <Filter>crypto\evp</Filter>
    </ClCompile>
    <ClCompile Include="crypto\evp\p_seal.c">
      <Filter>crypto\evp</Filter>
    </ClCompile>
    <ClCompile Include="crypto\evp\p_sign.c">
      <Filter>crypto\evp</Filter>
    </ClCompile>
    <ClCompile Include="crypto\evp\p_verify.c">
      <Filter>crypto\evp</Filter>
    </ClCompile>
    <ClCompile Include="crypto\evp\p5_crpt.c">
      <Filter>crypto\evp</Filter>
    </ClCompile>
    <ClCompile Include="crypto\evp\p5_crpt2.c">
      <Filter>crypto\evp</Filter>
    </ClCompile>
    <ClCompile Include="crypto\evp\pbe_scrypt.c">
      <Filter>crypto\evp</Filter>
    </ClCompile>
    <ClCompile Include="crypto\evp\pkey_mac.c">
      <Filter>crypto\evp</Filter>
    </ClCompile>
    <ClCompile Include="crypto\evp\pmeth_fn.c">
      <Filter>crypto\evp</Filter>
    </ClCompile>
    <ClCompile Include="crypto\evp\pmeth_gn.c">
      <Filter>crypto\evp</Filter>
    </ClCompile>
    <ClCompile Include="crypto\gmac\gmac.c">
      <Filter>crypto\gmac</Filter>
    </ClCompile>
    <ClCompile Include="crypto\hmac\hm_ameth.c">
      <Filter>crypto\hmac</Filter>
    </ClCompile>
    <ClCompile Include="crypto\hmac\hm_meth.c">
      <Filter>crypto\hmac</Filter>
    </ClCompile>
    <ClCompile Include="crypto\hmac\hmac.c">
      <Filter>crypto\hmac</Filter>
    </ClCompile>
    <ClCompile Include="crypto\idea\i_cbc.c">
      <Filter>crypto\idea</Filter>
    </ClCompile>
    <ClCompile Include="crypto\idea\i_cfb64.c">
      <Filter>crypto\idea</Filter>
    </ClCompile>
    <ClCompile Include="crypto\idea\i_ecb.c">
      <Filter>crypto\idea</Filter>
    </ClCompile>
    <ClCompile Include="crypto\idea\i_ofb64.c">
      <Filter>crypto\idea</Filter>
    </ClCompile>
    <ClCompile Include="crypto\idea\i_skey.c">
      <Filter>crypto\idea</Filter>
    </ClCompile>
    <ClCompile Include="crypto\kdf\kdf_err.c">
      <Filter>crypto\kdf</Filter>
    </ClCompile>
    <ClCompile Include="crypto\kdf\scrypt.c">
      <Filter>crypto\kdf</Filter>
    </ClCompile>
    <ClCompile Include="crypto\kdf\tls1_prf.c">
      <Filter>crypto\kdf</Filter>
    </ClCompile>
    <ClCompile Include="crypto\kdf\hkdf.c">
      <Filter>crypto\kdf</Filter>
    </ClCompile>
    <ClCompile Include="crypto\kmac\kmac.c">
      <Filter>crypto\kmac</Filter>
    </ClCompile>
    <ClCompile Include="crypto\lhash\lh_stats.c">
      <Filter>crypto\lhash</Filter>
    </ClCompile>
    <ClCompile Include="crypto\lhash\lhash.c">
      <Filter>crypto\lhash</Filter>
    </ClCompile>
    <ClCompile Include="crypto\md2\md2_dgst.c">
      <Filter>crypto\md2</Filter>
    </ClCompile>
    <ClCompile Include="crypto\md2\md2_one.c">
      <Filter>crypto\md2</Filter>
    </ClCompile>
    <ClCompile Include="crypto\md4\md4_dgst.c">
      <Filter>crypto\md4</Filter>
    </ClCompile>
    <ClCompile Include="crypto\md4\md4_one.c">
      <Filter>crypto\md4</Filter>
    </ClCompile>
    <ClCompile Include="crypto\md5\md5_dgst.c">
      <Filter>crypto\md5</Filter>
    </ClCompile>
    <ClCompile Include="crypto\md5\md5_one.c">
      <Filter>crypto\md5</Filter>
    </ClCompile>
    <ClCompile Include="crypto\mdc2\mdc2_one.c">
      <Filter>crypto\mdc2</Filter>
    </ClCompile>
    <ClCompile Include="crypto\mdc2\mdc2dgst.c">
      <Filter>crypto\mdc2</Filter>
    </ClCompile>
    <ClCompile Include="crypto\modes\cbc128.c">
      <Filter>crypto\modes</Filter>
    </ClCompile>
    <ClCompile Include="crypto\modes\ccm128.c">
      <Filter>crypto\modes</Filter>
    </ClCompile>
    <ClCompile Include="crypto\modes\cfb128.c">
      <Filter>crypto\modes</Filter>
    </ClCompile>
    <ClCompile Include="crypto\modes\ctr128.c">
      <Filter>crypto\modes</Filter>
    </ClCompile>
    <ClCompile Include="crypto\modes\cts128.c">
      <Filter>crypto\modes</Filter>
    </ClCompile>
    <ClCompile Include="crypto\modes\gcm128.c">
      <Filter>crypto\modes</Filter>
    </ClCompile>
    <ClCompile Include="crypto\modes\ocb128.c">
      <Filter>crypto\modes</Filter>
    </ClCompile>
    <ClCompile Include="crypto\modes\ofb128.c">
      <Filter>crypto\modes</Filter>
    </ClCompile>
    <ClCompile Include="crypto\modes\wrap128.c">
      <Filter>crypto\modes</Filter>
    </ClCompile>
    <ClCompile Include="crypto\modes\xts128.c">
      <Filter>crypto\modes</Filter>
    </ClCompile>
    <ClCompile Include="crypto\objects\obj_lib.c">
      <Filter>crypto\objects</Filter>
    </ClCompile>
    <ClCompile Include="crypto\objects\obj_xref.c">
      <Filter>crypto\objects</Filter>
    </ClCompile>
    <ClCompile Include="crypto\objects\o_names.c">
      <Filter>crypto\objects</Filter>
    </ClCompile>
    <ClCompile Include="crypto\objects\obj_dat.c">
      <Filter>crypto\objects</Filter>
    </ClCompile>
    <ClCompile Include="crypto\objects\obj_err.c">
      <Filter>crypto\objects</Filter>
    </ClCompile>
    <ClCompile Include="crypto\ocsp\ocsp_asn.c">
      <Filter>crypto\ocsp</Filter>
    </ClCompile>
    <ClCompile Include="crypto\ocsp\ocsp_cl.c">
      <Filter>crypto\ocsp</Filter>
    </ClCompile>
    <ClCompile Include="crypto\ocsp\ocsp_err.c">
      <Filter>crypto\ocsp</Filter>
    </ClCompile>
    <ClCompile Include="crypto\ocsp\ocsp_ext.c">
      <Filter>crypto\ocsp</Filter>
    </ClCompile>
    <ClCompile Include="crypto\ocsp\ocsp_ht.c">
      <Filter>crypto\ocsp</Filter>
    </ClCompile>
    <ClCompile Include="crypto\ocsp\ocsp_lib.c">
      <Filter>crypto\ocsp</Filter>
    </ClCompile>
    <ClCompile Include="crypto\ocsp\ocsp_prn.c">
      <Filter>crypto\ocsp</Filter>
    </ClCompile>
    <ClCompile Include="crypto\ocsp\ocsp_srv.c">
      <Filter>crypto\ocsp</Filter>
    </ClCompile>
    <ClCompile Include="crypto\ocsp\ocsp_vfy.c">
      <Filter>crypto\ocsp</Filter>
    </ClCompile>
    <ClCompile Include="crypto\ocsp\v3_ocsp.c">
      <Filter>crypto\ocsp</Filter>
    </ClCompile>
    <ClCompile Include="crypto\pem\pem_all.c">
      <Filter>crypto\pem</Filter>
    </ClCompile>
    <ClCompile Include="crypto\pem\pem_err.c">
      <Filter>crypto\pem</Filter>
    </ClCompile>
    <ClCompile Include="crypto\pem\pem_info.c">
      <Filter>crypto\pem</Filter>
    </ClCompile>
    <ClCompile Include="crypto\pem\pem_lib.c">
      <Filter>crypto\pem</Filter>
    </ClCompile>
    <ClCompile Include="crypto\pem\pem_oth.c">
      <Filter>crypto\pem</Filter>
    </ClCompile>
    <ClCompile Include="crypto\pem\pem_pk8.c">
      <Filter>crypto\pem</Filter>
    </ClCompile>
    <ClCompile Include="crypto\pem\pem_pkey.c">
      <Filter>crypto\pem</Filter>
    </ClCompile>
    <ClCompile Include="crypto\pem\pem_sign.c">
      <Filter>crypto\pem</Filter>
    </ClCompile>
    <ClCompile Include="crypto\pem\pem_x509.c">
      <Filter>crypto\pem</Filter>
    </ClCompile>
    <ClCompile Include="crypto\pem\pem_xaux.c">
      <Filter>crypto\pem</Filter>
    </ClCompile>
    <ClCompile Include="crypto\pem\pvkfmt.c">
      <Filter>crypto\pem</Filter>
    </ClCompile>
    <ClCompile Include="crypto\pkcs7\pk7_asn1.c">
      <Filter>crypto\pkcs7</Filter>
    </ClCompile>
    <ClCompile Include="crypto\pkcs7\pk7_attr.c">
      <Filter>crypto\pkcs7</Filter>
    </ClCompile>
    <ClCompile Include="crypto\pkcs7\pk7_doit.c">
      <Filter>crypto\pkcs7</Filter>
    </ClCompile>
    <ClCompile Include="crypto\pkcs7\pk7_lib.c">
      <Filter>crypto\pkcs7</Filter>
    </ClCompile>
    <ClCompile Include="crypto\pkcs7\pk7_mime.c">
      <Filter>crypto\pkcs7</Filter>
    </ClCompile>
    <ClCompile Include="crypto\pkcs7\pk7_smime.c">
      <Filter>crypto\pkcs7</Filter>
    </ClCompile>
    <ClCompile Include="crypto\pkcs7\pkcs7err.c">
      <Filter>crypto\pkcs7</Filter>
    </ClCompile>
    <ClCompile Include="crypto\pkcs7\bio_pk7.c">
      <Filter>crypto\pkcs7</Filter>
    </ClCompile>
    <ClCompile Include="crypto\pkcs12\p12_add.c">
      <Filter>crypto\pkcs12</Filter>
    </ClCompile>
    <ClCompile Include="crypto\pkcs12\p12_asn.c">
      <Filter>crypto\pkcs12</Filter>
    </ClCompile>
    <ClCompile Include="crypto\pkcs12\p12_attr.c">
      <Filter>crypto\pkcs12</Filter>
    </ClCompile>
    <ClCompile Include="crypto\pkcs12\p12_crpt.c">
      <Filter>crypto\pkcs12</Filter>
    </ClCompile>
    <ClCompile Include="crypto\pkcs12\p12_crt.c">
      <Filter>crypto\pkcs12</Filter>
    </ClCompile>
    <ClCompile Include="crypto\pkcs12\p12_decr.c">
      <Filter>crypto\pkcs12</Filter>
    </ClCompile>
    <ClCompile Include="crypto\pkcs12\p12_init.c">
      <Filter>crypto\pkcs12</Filter>
    </ClCompile>
    <ClCompile Include="crypto\pkcs12\p12_key.c">
      <Filter>crypto\pkcs12</Filter>
    </ClCompile>
    <ClCompile Include="crypto\pkcs12\p12_kiss.c">
      <Filter>crypto\pkcs12</Filter>
    </ClCompile>
    <ClCompile Include="crypto\pkcs12\p12_mutl.c">
      <Filter>crypto\pkcs12</Filter>
    </ClCompile>
    <ClCompile Include="crypto\pkcs12\p12_npas.c">
      <Filter>crypto\pkcs12</Filter>
    </ClCompile>
    <ClCompile Include="crypto\pkcs12\p12_p8d.c">
      <Filter>crypto\pkcs12</Filter>
    </ClCompile>
    <ClCompile Include="crypto\pkcs12\p12_p8e.c">
      <Filter>crypto\pkcs12</Filter>
    </ClCompile>
    <ClCompile Include="crypto\pkcs12\p12_sbag.c">
      <Filter>crypto\pkcs12</Filter>
    </ClCompile>
    <ClCompile Include="crypto\pkcs12\p12_utl.c">
      <Filter>crypto\pkcs12</Filter>
    </ClCompile>
    <ClCompile Include="crypto\pkcs12\pk12err.c">
      <Filter>crypto\pkcs12</Filter>
    </ClCompile>
    <ClCompile Include="crypto\poly1305\poly1305.c">
      <Filter>crypto\poly1305</Filter>
    </ClCompile>
    <ClCompile Include="crypto\poly1305\poly1305_ameth.c">
      <Filter>crypto\poly1305</Filter>
    </ClCompile>
    <ClCompile Include="crypto\poly1305\poly1305_base2_44.c">
      <Filter>crypto\poly1305</Filter>
    </ClCompile>
    <ClCompile Include="crypto\poly1305\poly1305_ieee754.c">
      <Filter>crypto\poly1305</Filter>
    </ClCompile>
    <ClCompile Include="crypto\poly1305\poly1305_meth.c">
      <Filter>crypto\poly1305</Filter>
    </ClCompile>
    <ClCompile Include="crypto\rand\drbg_ctr.c">
      <Filter>crypto\rand</Filter>
    </ClCompile>
    <ClCompile Include="crypto\rand\drbg_hash.c">
      <Filter>crypto\rand</Filter>
    </ClCompile>
    <ClCompile Include="crypto\rand\drbg_hmac.c">
      <Filter>crypto\rand</Filter>
    </ClCompile>
    <ClCompile Include="crypto\rand\drbg_lib.c">
      <Filter>crypto\rand</Filter>
    </ClCompile>
    <ClCompile Include="crypto\rand\rand_egd.c">
      <Filter>crypto\rand</Filter>
    </ClCompile>
    <ClCompile Include="crypto\rand\rand_err.c">
      <Filter>crypto\rand</Filter>
    </ClCompile>
    <ClCompile Include="crypto\rand\rand_lib.c">
      <Filter>crypto\rand</Filter>
    </ClCompile>
    <ClCompile Include="crypto\rand\rand_unix.c">
      <Filter>crypto\rand</Filter>
    </ClCompile>
    <ClCompile Include="crypto\rand\rand_vms.c">
      <Filter>crypto\rand</Filter>
    </ClCompile>
    <ClCompile Include="crypto\rand\rand_win.c">
      <Filter>crypto\rand</Filter>
    </ClCompile>
    <ClCompile Include="crypto\rand\randfile.c">
      <Filter>crypto\rand</Filter>
    </ClCompile>
    <ClCompile Include="crypto\rc2\rc2_cbc.c">
      <Filter>crypto\rc2</Filter>
    </ClCompile>
    <ClCompile Include="crypto\rc2\rc2_ecb.c">
      <Filter>crypto\rc2</Filter>
    </ClCompile>
    <ClCompile Include="crypto\rc2\rc2_skey.c">
      <Filter>crypto\rc2</Filter>
    </ClCompile>
    <ClCompile Include="crypto\rc2\rc2cfb64.c">
      <Filter>crypto\rc2</Filter>
    </ClCompile>
    <ClCompile Include="crypto\rc2\rc2ofb64.c">
      <Filter>crypto\rc2</Filter>
    </ClCompile>
    <ClCompile Include="crypto\rc4\rc4_enc.c">
      <Filter>crypto\rc4</Filter>
    </ClCompile>
    <ClCompile Include="crypto\rc4\rc4_skey.c">
      <Filter>crypto\rc4</Filter>
    </ClCompile>
    <ClCompile Include="crypto\rc5\rc5_ecb.c">
      <Filter>crypto\rc5</Filter>
    </ClCompile>
    <ClCompile Include="crypto\rc5\rc5_enc.c">
      <Filter>crypto\rc5</Filter>
    </ClCompile>
    <ClCompile Include="crypto\rc5\rc5_skey.c">
      <Filter>crypto\rc5</Filter>
    </ClCompile>
    <ClCompile Include="crypto\rc5\rc5cfb64.c">
      <Filter>crypto\rc5</Filter>
    </ClCompile>
    <ClCompile Include="crypto\rc5\rc5ofb64.c">
      <Filter>crypto\rc5</Filter>
    </ClCompile>
    <ClCompile Include="crypto\ripemd\rmd_dgst.c">
      <Filter>crypto\ripemd</Filter>
    </ClCompile>
    <ClCompile Include="crypto\ripemd\rmd_one.c">
      <Filter>crypto\ripemd</Filter>
    </ClCompile>
    <ClCompile Include="crypto\rsa\rsa_ameth.c">
      <Filter>crypto\rsa</Filter>
    </ClCompile>
    <ClCompile Include="crypto\rsa\rsa_asn1.c">
      <Filter>crypto\rsa</Filter>
    </ClCompile>
    <ClCompile Include="crypto\rsa\rsa_chk.c">
      <Filter>crypto\rsa</Filter>
    </ClCompile>
    <ClCompile Include="crypto\rsa\rsa_crpt.c">
      <Filter>crypto\rsa</Filter>
    </ClCompile>
    <ClCompile Include="crypto\rsa\rsa_depr.c">
      <Filter>crypto\rsa</Filter>
    </ClCompile>
    <ClCompile Include="crypto\rsa\rsa_err.c">
      <Filter>crypto\rsa</Filter>
    </ClCompile>
    <ClCompile Include="crypto\rsa\rsa_gen.c">
      <Filter>crypto\rsa</Filter>
    </ClCompile>
    <ClCompile Include="crypto\rsa\rsa_lib.c">
      <Filter>crypto\rsa</Filter>
    </ClCompile>
    <ClCompile Include="crypto\rsa\rsa_meth.c">
      <Filter>crypto\rsa</Filter>
    </ClCompile>
    <ClCompile Include="crypto\rsa\rsa_mp.c">
      <Filter>crypto\rsa</Filter>
    </ClCompile>
    <ClCompile Include="crypto\rsa\rsa_none.c">
      <Filter>crypto\rsa</Filter>
    </ClCompile>
    <ClCompile Include="crypto\rsa\rsa_oaep.c">
      <Filter>crypto\rsa</Filter>
    </ClCompile>
    <ClCompile Include="crypto\rsa\rsa_ossl.c">
      <Filter>crypto\rsa</Filter>
    </ClCompile>
    <ClCompile Include="crypto\rsa\rsa_pk1.c">
      <Filter>crypto\rsa</Filter>
    </ClCompile>
    <ClCompile Include="crypto\rsa\rsa_pmeth.c">
      <Filter>crypto\rsa</Filter>
    </ClCompile>
    <ClCompile Include="crypto\rsa\rsa_prn.c">
      <Filter>crypto\rsa</Filter>
    </ClCompile>
    <ClCompile Include="crypto\rsa\rsa_pss.c">
      <Filter>crypto\rsa</Filter>
    </ClCompile>
    <ClCompile Include="crypto\rsa\rsa_saos.c">
      <Filter>crypto\rsa</Filter>
    </ClCompile>
    <ClCompile Include="crypto\rsa\rsa_sign.c">
      <Filter>crypto\rsa</Filter>
    </ClCompile>
    <ClCompile Include="crypto\rsa\rsa_ssl.c">
      <Filter>crypto\rsa</Filter>
    </ClCompile>
    <ClCompile Include="crypto\rsa\rsa_x931.c">
      <Filter>crypto\rsa</Filter>
    </ClCompile>
    <ClCompile Include="crypto\rsa\rsa_x931g.c">
      <Filter>crypto\rsa</Filter>
    </ClCompile>
    <ClCompile Include="crypto\seed\seed.c">
      <Filter>crypto\seed</Filter>
    </ClCompile>
    <ClCompile Include="crypto\seed\seed_cbc.c">
      <Filter>crypto\seed</Filter>
    </ClCompile>
    <ClCompile Include="crypto\seed\seed_cfb.c">
      <Filter>crypto\seed</Filter>
    </ClCompile>
    <ClCompile Include="crypto\seed\seed_ecb.c">
      <Filter>crypto\seed</Filter>
    </ClCompile>
    <ClCompile Include="crypto\seed\seed_ofb.c">
      <Filter>crypto\seed</Filter>
    </ClCompile>
    <ClCompile Include="crypto\sha\keccak1600.c">
      <Filter>crypto\sha</Filter>
    </ClCompile>
    <ClCompile Include="crypto\sha\sha1_one.c">
      <Filter>crypto\sha</Filter>
    </ClCompile>
    <ClCompile Include="crypto\sha\sha1dgst.c">
      <Filter>crypto\sha</Filter>
    </ClCompile>
    <ClCompile Include="crypto\sha\sha256.c">
      <Filter>crypto\sha</Filter>
    </ClCompile>
    <ClCompile Include="crypto\sha\sha512.c">
      <Filter>crypto\sha</Filter>
    </ClCompile>
    <ClCompile Include="crypto\siphash\siphash.c">
      <Filter>crypto\siphash</Filter>
    </ClCompile>
    <ClCompile Include="crypto\siphash\siphash_ameth.c">
      <Filter>crypto\siphash</Filter>
    </ClCompile>
    <ClCompile Include="crypto\siphash\siphash_meth.c">
      <Filter>crypto\siphash</Filter>
    </ClCompile>
    <ClCompile Include="crypto\sm2\sm2_crypt.c">
      <Filter>crypto\sm2</Filter>
    </ClCompile>
    <ClCompile Include="crypto\sm2\sm2_err.c">
      <Filter>crypto\sm2</Filter>
    </ClCompile>
    <ClCompile Include="crypto\sm2\sm2_pmeth.c">
      <Filter>crypto\sm2</Filter>
    </ClCompile>
    <ClCompile Include="crypto\sm2\sm2_sign.c">
      <Filter>crypto\sm2</Filter>
    </ClCompile>
    <ClCompile Include="crypto\sm3\m_sm3.c">
      <Filter>crypto\sm3</Filter>
    </ClCompile>
    <ClCompile Include="crypto\sm3\sm3.c">
      <Filter>crypto\sm3</Filter>
    </ClCompile>
    <ClCompile Include="crypto\sm4\sm4.c">
      <Filter>crypto\sm4</Filter>
    </ClCompile>
    <ClCompile Include="crypto\srp\srp_lib.c">
      <Filter>crypto\srp</Filter>
    </ClCompile>
    <ClCompile Include="crypto\srp\srp_vfy.c">
      <Filter>crypto\srp</Filter>
    </ClCompile>
    <ClCompile Include="crypto\stack\stack.c">
      <Filter>crypto\stack</Filter>
    </ClCompile>
    <ClCompile Include="crypto\store\loader_file.c">
      <Filter>crypto\store</Filter>
    </ClCompile>
    <ClCompile Include="crypto\store\store_err.c">
      <Filter>crypto\store</Filter>
    </ClCompile>
    <ClCompile Include="crypto\store\store_init.c">
      <Filter>crypto\store</Filter>
    </ClCompile>
    <ClCompile Include="crypto\store\store_lib.c">
      <Filter>crypto\store</Filter>
    </ClCompile>
    <ClCompile Include="crypto\store\store_register.c">
      <Filter>crypto\store</Filter>
    </ClCompile>
    <ClCompile Include="crypto\store\store_strings.c">
      <Filter>crypto\store</Filter>
    </ClCompile>
    <ClCompile Include="crypto\ts\ts_asn1.c">
      <Filter>crypto\ts</Filter>
    </ClCompile>
    <ClCompile Include="crypto\ts\ts_conf.c">
      <Filter>crypto\ts</Filter>
    </ClCompile>
    <ClCompile Include="crypto\ts\ts_err.c">
      <Filter>crypto\ts</Filter>
    </ClCompile>
    <ClCompile Include="crypto\ts\ts_lib.c">
      <Filter>crypto\ts</Filter>
    </ClCompile>
    <ClCompile Include="crypto\ts\ts_req_print.c">
      <Filter>crypto\ts</Filter>
    </ClCompile>
    <ClCompile Include="crypto\ts\ts_req_utils.c">
      <Filter>crypto\ts</Filter>
    </ClCompile>
    <ClCompile Include="crypto\ts\ts_rsp_print.c">
      <Filter>crypto\ts</Filter>
    </ClCompile>
    <ClCompile Include="crypto\ts\ts_rsp_sign.c">
      <Filter>crypto\ts</Filter>
    </ClCompile>
    <ClCompile Include="crypto\ts\ts_rsp_utils.c">
      <Filter>crypto\ts</Filter>
    </ClCompile>
    <ClCompile Include="crypto\ts\ts_rsp_verify.c">
      <Filter>crypto\ts</Filter>
    </ClCompile>
    <ClCompile Include="crypto\ts\ts_verify_ctx.c">
      <Filter>crypto\ts</Filter>
    </ClCompile>
    <ClCompile Include="crypto\txt_db\txt_db.c">
      <Filter>crypto\txt_db</Filter>
    </ClCompile>
    <ClCompile Include="crypto\ui\ui_err.c">
      <Filter>crypto\ui</Filter>
    </ClCompile>
    <ClCompile Include="crypto\ui\ui_lib.c">
      <Filter>crypto\ui</Filter>
    </ClCompile>
    <ClCompile Include="crypto\ui\ui_null.c">
      <Filter>crypto\ui</Filter>
    </ClCompile>
    <ClCompile Include="crypto\ui\ui_openssl.c">
      <Filter>crypto\ui</Filter>
    </ClCompile>
    <ClCompile Include="crypto\ui\ui_util.c">
      <Filter>crypto\ui</Filter>
    </ClCompile>
    <ClCompile Include="crypto\whrlpool\wp_block.c">
      <Filter>crypto\whirlpool</Filter>
    </ClCompile>
    <ClCompile Include="crypto\whrlpool\wp_dgst.c">
      <Filter>crypto\whirlpool</Filter>
    </ClCompile>
    <ClCompile Include="crypto\x509\x509_vpm.c">
      <Filter>crypto\x509</Filter>
    </ClCompile>
    <ClCompile Include="crypto\x509\x509cset.c">
      <Filter>crypto\x509</Filter>
    </ClCompile>
    <ClCompile Include="crypto\x509\x509name.c">
      <Filter>crypto\x509</Filter>
    </ClCompile>
    <ClCompile Include="crypto\x509\x509rset.c">
      <Filter>crypto\x509</Filter>
    </ClCompile>
    <ClCompile Include="crypto\x509\x509spki.c">
      <Filter>crypto\x509</Filter>
    </ClCompile>
    <ClCompile Include="crypto\x509\x509type.c">
      <Filter>crypto\x509</Filter>
    </ClCompile>
    <ClCompile Include="crypto\x509\by_dir.c">
      <Filter>crypto\x509</Filter>
    </ClCompile>
    <ClCompile Include="crypto\x509\by_file.c">
      <Filter>crypto\x509</Filter>
    </ClCompile>
    <ClCompile Include="crypto\x509\t_crl.c">
      <Filter>crypto\x509</Filter>
    </ClCompile>
    <ClCompile Include="crypto\x509\t_req.c">
      <Filter>crypto\x509</Filter>
    </ClCompile>
    <ClCompile Include="crypto\x509\t_x509.c">
      <Filter>crypto\x509</Filter>
    </ClCompile>
    <ClCompile Include="crypto\x509\x_all.c">
      <Filter>crypto\x509</Filter>
    </ClCompile>
    <ClCompile Include="crypto\x509\x_attrib.c">
      <Filter>crypto\x509</Filter>
    </ClCompile>
    <ClCompile Include="crypto\x509\x_crl.c">
      <Filter>crypto\x509</Filter>
    </ClCompile>
    <ClCompile Include="crypto\x509\x_exten.c">
      <Filter>crypto\x509</Filter>
    </ClCompile>
    <ClCompile Include="crypto\x509\x_name.c">
      <Filter>crypto\x509</Filter>
    </ClCompile>
    <ClCompile Include="crypto\x509\x_pubkey.c">
      <Filter>crypto\x509</Filter>
    </ClCompile>
    <ClCompile Include="crypto\x509\x_req.c">
      <Filter>crypto\x509</Filter>
    </ClCompile>
    <ClCompile Include="crypto\x509\x_x509.c">
      <Filter>crypto\x509</Filter>
    </ClCompile>
    <ClCompile Include="crypto\x509\x_x509a.c">
      <Filter>crypto\x509</Filter>
    </ClCompile>
    <ClCompile Include="crypto\x509\x509_att.c">
      <Filter>crypto\x509</Filter>
    </ClCompile>
    <ClCompile Include="crypto\x509\x509_cmp.c">
      <Filter>crypto\x509</Filter>
    </ClCompile>
    <ClCompile Include="crypto\x509\x509_d2.c">
      <Filter>crypto\x509</Filter>
    </ClCompile>
    <ClCompile Include="crypto\x509\x509_def.c">
      <Filter>crypto\x509</Filter>
    </ClCompile>
    <ClCompile Include="crypto\x509\x509_err.c">
      <Filter>crypto\x509</Filter>
    </ClCompile>
    <ClCompile Include="crypto\x509\x509_ext.c">
      <Filter>crypto\x509</Filter>
    </ClCompile>
    <ClCompile Include="crypto\x509\x509_lu.c">
      <Filter>crypto\x509</Filter>
    </ClCompile>
    <ClCompile Include="crypto\x509\x509_meth.c">
      <Filter>crypto\x509</Filter>
    </ClCompile>
    <ClCompile Include="crypto\x509\x509_obj.c">
      <Filter>crypto\x509</Filter>
    </ClCompile>
    <ClCompile Include="crypto\x509\x509_r2x.c">
      <Filter>crypto\x509</Filter>
    </ClCompile>
    <ClCompile Include="crypto\x509\x509_req.c">
      <Filter>crypto\x509</Filter>
    </ClCompile>
    <ClCompile Include="crypto\x509\x509_set.c">
      <Filter>crypto\x509</Filter>
    </ClCompile>
    <ClCompile Include="crypto\x509\x509_trs.c">
      <Filter>crypto\x509</Filter>
    </ClCompile>
    <ClCompile Include="crypto\x509\x509_txt.c">
      <Filter>crypto\x509</Filter>
    </ClCompile>
    <ClCompile Include="crypto\x509\x509_v3.c">
      <Filter>crypto\x509</Filter>
    </ClCompile>
    <ClCompile Include="crypto\x509\x509_vfy.c">
      <Filter>crypto\x509</Filter>
    </ClCompile>
    <ClCompile Include="crypto\x509v3\v3_pci.c">
      <Filter>crypto\x509v3</Filter>
    </ClCompile>
    <ClCompile Include="crypto\x509v3\v3_pcia.c">
      <Filter>crypto\x509v3</Filter>
    </ClCompile>
    <ClCompile Include="crypto\x509v3\v3_pcons.c">
      <Filter>crypto\x509v3</Filter>
    </ClCompile>
    <ClCompile Include="crypto\x509v3\v3_pku.c">
      <Filter>crypto\x509v3</Filter>
    </ClCompile>
    <ClCompile Include="crypto\x509v3\v3_pmaps.c">
      <Filter>crypto\x509v3</Filter>
    </ClCompile>
    <ClCompile Include="crypto\x509v3\v3_prn.c">
      <Filter>crypto\x509v3</Filter>
    </ClCompile>
    <ClCompile Include="crypto\x509v3\v3_purp.c">
      <Filter>crypto\x509v3</Filter>
    </ClCompile>
    <ClCompile Include="crypto\x509v3\v3_skey.c">
      <Filter>crypto\x509v3</Filter>
    </ClCompile>
    <ClCompile Include="crypto\x509v3\v3_sxnet.c">
      <Filter>crypto\x509v3</Filter>
    </ClCompile>
    <ClCompile Include="crypto\x509v3\v3_tlsf.c">
      <Filter>crypto\x509v3</Filter>
    </ClCompile>
    <ClCompile Include="crypto\x509v3\v3_utl.c">
      <Filter>crypto\x509v3</Filter>
    </ClCompile>
    <ClCompile Include="crypto\x509v3\v3err.c">
      <Filter>crypto\x509v3</Filter>
    </ClCompile>
    <ClCompile Include="crypto\x509v3\pcy_cache.c">
      <Filter>crypto\x509v3</Filter>
    </ClCompile>
    <ClCompile Include="crypto\x509v3\pcy_data.c">
      <Filter>crypto\x509v3</Filter>
    </ClCompile>
    <ClCompile Include="crypto\x509v3\pcy_lib.c">
      <Filter>crypto\x509v3</Filter>
    </ClCompile>
    <ClCompile Include="crypto\x509v3\pcy_map.c">
      <Filter>crypto\x509v3</Filter>
    </ClCompile>
    <ClCompile Include="crypto\x509v3\pcy_node.c">
      <Filter>crypto\x509v3</Filter>
    </ClCompile>
    <ClCompile Include="crypto\x509v3\pcy_tree.c">
      <Filter>crypto\x509v3</Filter>
    </ClCompile>
    <ClCompile Include="crypto\x509v3\v3_addr.c">
      <Filter>crypto\x509v3</Filter>
    </ClCompile>
    <ClCompile Include="crypto\x509v3\v3_admis.c">
      <Filter>crypto\x509v3</Filter>
    </ClCompile>
    <ClCompile Include="crypto\x509v3\v3_akey.c">
      <Filter>crypto\x509v3</Filter>
    </ClCompile>
    <ClCompile Include="crypto\x509v3\v3_akeya.c">
      <Filter>crypto\x509v3</Filter>
    </ClCompile>
    <ClCompile Include="crypto\x509v3\v3_alt.c">
      <Filter>crypto\x509v3</Filter>
    </ClCompile>
    <ClCompile Include="crypto\x509v3\v3_asid.c">
      <Filter>crypto\x509v3</Filter>
    </ClCompile>
    <ClCompile Include="crypto\x509v3\v3_bcons.c">
      <Filter>crypto\x509v3</Filter>
    </ClCompile>
    <ClCompile Include="crypto\x509v3\v3_bitst.c">
      <Filter>crypto\x509v3</Filter>
    </ClCompile>
    <ClCompile Include="crypto\x509v3\v3_conf.c">
      <Filter>crypto\x509v3</Filter>
    </ClCompile>
    <ClCompile Include="crypto\x509v3\v3_cpols.c">
      <Filter>crypto\x509v3</Filter>
    </ClCompile>
    <ClCompile Include="crypto\x509v3\v3_crld.c">
      <Filter>crypto\x509v3</Filter>
    </ClCompile>
    <ClCompile Include="crypto\x509v3\v3_enum.c">
      <Filter>crypto\x509v3</Filter>
    </ClCompile>
    <ClCompile Include="crypto\x509v3\v3_extku.c">
      <Filter>crypto\x509v3</Filter>
    </ClCompile>
    <ClCompile Include="crypto\x509v3\v3_genn.c">
      <Filter>crypto\x509v3</Filter>
    </ClCompile>
    <ClCompile Include="crypto\x509v3\v3_ia5.c">
      <Filter>crypto\x509v3</Filter>
    </ClCompile>
    <ClCompile Include="crypto\x509v3\v3_info.c">
      <Filter>crypto\x509v3</Filter>
    </ClCompile>
    <ClCompile Include="crypto\x509v3\v3_int.c">
      <Filter>crypto\x509v3</Filter>
    </ClCompile>
    <ClCompile Include="crypto\x509v3\v3_lib.c">
      <Filter>crypto\x509v3</Filter>
    </ClCompile>
    <ClCompile Include="crypto\x509v3\v3_ncons.c">
      <Filter>crypto\x509v3</Filter>
    </ClCompile>
  </ItemGroup>
  <ItemGroup>
    <ClInclude Include="crypto\arm_arch.h">
      <Filter>crypto</Filter>
    </ClInclude>
    <ClInclude Include="crypto\mips_arch.h">
      <Filter>crypto</Filter>
    </ClInclude>
    <ClInclude Include="crypto\ppc_arch.h">
      <Filter>crypto</Filter>
    </ClInclude>
    <ClInclude Include="crypto\s390x_arch.h">
      <Filter>crypto</Filter>
    </ClInclude>
    <ClInclude Include="crypto\sparc_arch.h">
      <Filter>crypto</Filter>
    </ClInclude>
    <ClInclude Include="crypto\vms_rms.h">
      <Filter>crypto</Filter>
    </ClInclude>
    <ClInclude Include="crypto\aes\aes_locl.h">
      <Filter>crypto\aes</Filter>
    </ClInclude>
    <ClInclude Include="crypto\asn1\asn1_item_list.h">
      <Filter>crypto\asn1</Filter>
    </ClInclude>
    <ClInclude Include="crypto\asn1\asn1_locl.h">
      <Filter>crypto\asn1</Filter>
    </ClInclude>
    <ClInclude Include="crypto\asn1\charmap.h">
      <Filter>crypto\asn1</Filter>
    </ClInclude>
    <ClInclude Include="crypto\asn1\standard_methods.h">
      <Filter>crypto\asn1</Filter>
    </ClInclude>
    <ClInclude Include="crypto\asn1\tbl_standard.h">
      <Filter>crypto\asn1</Filter>
    </ClInclude>
    <ClInclude Include="crypto\async\async_locl.h">
      <Filter>crypto\async</Filter>
    </ClInclude>
    <ClInclude Include="crypto\async\arch\async_null.h">
      <Filter>crypto\async\arch</Filter>
    </ClInclude>
    <ClInclude Include="crypto\async\arch\async_posix.h">
      <Filter>crypto\async\arch</Filter>
    </ClInclude>
    <ClInclude Include="crypto\async\arch\async_win.h">
      <Filter>crypto\async\arch</Filter>
    </ClInclude>
    <ClInclude Include="crypto\bf\bf_locl.h">
      <Filter>crypto\bf</Filter>
    </ClInclude>
    <ClInclude Include="crypto\bf\bf_pi.h">
      <Filter>crypto\bf</Filter>
    </ClInclude>
    <ClInclude Include="crypto\bio\bio_lcl.h">
      <Filter>crypto\bio</Filter>
    </ClInclude>
    <ClInclude Include="crypto\blake2\blake2_impl.h">
      <Filter>crypto\blake2</Filter>
    </ClInclude>
    <ClInclude Include="crypto\blake2\blake2_locl.h">
      <Filter>crypto\blake2</Filter>
    </ClInclude>
    <ClInclude Include="crypto\bn\bn_prime.h">
      <Filter>crypto\bn</Filter>
    </ClInclude>
    <ClInclude Include="crypto\bn\rsaz_exp.h">
      <Filter>crypto\bn</Filter>
    </ClInclude>
    <ClInclude Include="crypto\bn\bn_lcl.h">
      <Filter>crypto\bn</Filter>
    </ClInclude>
    <ClInclude Include="crypto\camellia\cmll_locl.h">
      <Filter>crypto\camellia</Filter>
    </ClInclude>
    <ClInclude Include="crypto\cast\cast_lcl.h">
      <Filter>crypto\cast</Filter>
    </ClInclude>
    <ClInclude Include="crypto\cast\cast_s.h">
      <Filter>crypto\cast</Filter>
    </ClInclude>
    <ClInclude Include="crypto\cms\cms_lcl.h">
      <Filter>crypto\cms</Filter>
    </ClInclude>
    <ClInclude Include="crypto\comp\comp_lcl.h">
      <Filter>crypto\comp</Filter>
    </ClInclude>
    <ClInclude Include="crypto\conf\conf_def.h">
      <Filter>crypto\conf</Filter>
    </ClInclude>
    <ClInclude Include="crypto\conf\conf_lcl.h">
      <Filter>crypto\conf</Filter>
    </ClInclude>
    <ClInclude Include="crypto\ct\ct_locl.h">
      <Filter>crypto\ct</Filter>
    </ClInclude>
    <ClInclude Include="crypto\des\des_locl.h">
      <Filter>crypto\des</Filter>
    </ClInclude>
    <ClInclude Include="crypto\des\spr.h">
      <Filter>crypto\des</Filter>
    </ClInclude>
    <ClInclude Include="crypto\dh\dh_locl.h">
      <Filter>crypto\dh</Filter>
    </ClInclude>
    <ClInclude Include="crypto\dsa\dsa_locl.h">
      <Filter>crypto\dsa</Filter>
    </ClInclude>
    <ClInclude Include="crypto\dso\dso_locl.h">
      <Filter>crypto\dso</Filter>
    </ClInclude>
    <ClInclude Include="crypto\ec\ec_lcl.h">
      <Filter>crypto\ec</Filter>
    </ClInclude>
    <ClInclude Include="crypto\ec\curve448\curve448_lcl.h">
      <Filter>crypto\ec\curve448</Filter>
    </ClInclude>
    <ClInclude Include="crypto\ec\curve448\curve448utils.h">
      <Filter>crypto\ec\curve448</Filter>
    </ClInclude>
    <ClInclude Include="crypto\ec\curve448\ed448.h">
      <Filter>crypto\ec\curve448</Filter>
    </ClInclude>
    <ClInclude Include="crypto\ec\curve448\field.h">
      <Filter>crypto\ec\curve448</Filter>
    </ClInclude>
    <ClInclude Include="crypto\ec\curve448\point_448.h">
      <Filter>crypto\ec\curve448</Filter>
    </ClInclude>
    <ClInclude Include="crypto\ec\curve448\word.h">
      <Filter>crypto\ec\curve448</Filter>
    </ClInclude>
    <ClInclude Include="crypto\ec\curve448\arch_32\arch_intrinsics.h">
      <Filter>crypto\ec\curve448\arch_32</Filter>
    </ClInclude>
    <ClInclude Include="crypto\ec\curve448\arch_32\f_impl.h">
      <Filter>crypto\ec\curve448\arch_32</Filter>
    </ClInclude>
    <ClInclude Include="crypto\engine\eng_int.h">
      <Filter>crypto\engine</Filter>
    </ClInclude>
    <ClInclude Include="crypto\evp\evp_locl.h">
      <Filter>crypto\evp</Filter>
    </ClInclude>
    <ClInclude Include="crypto\hmac\hmac_lcl.h">
      <Filter>crypto\hmac</Filter>
    </ClInclude>
    <ClInclude Include="crypto\idea\idea_lcl.h">
      <Filter>crypto\idea</Filter>
    </ClInclude>
    <ClInclude Include="crypto\include\internal\siphash.h">
      <Filter>crypto\include\internal</Filter>
    </ClInclude>
    <ClInclude Include="crypto\include\internal\sm2.h">
      <Filter>crypto\include\internal</Filter>
    </ClInclude>
    <ClInclude Include="crypto\include\internal\sm2err.h">
      <Filter>crypto\include\internal</Filter>
    </ClInclude>
    <ClInclude Include="crypto\include\internal\sm3.h">
      <Filter>crypto\include\internal</Filter>
    </ClInclude>
    <ClInclude Include="crypto\include\internal\sm4.h">
      <Filter>crypto\include\internal</Filter>
    </ClInclude>
    <ClInclude Include="crypto\include\internal\store.h">
      <Filter>crypto\include\internal</Filter>
    </ClInclude>
    <ClInclude Include="crypto\include\internal\store_int.h">
      <Filter>crypto\include\internal</Filter>
    </ClInclude>
    <ClInclude Include="crypto\include\internal\x509_int.h">
      <Filter>crypto\include\internal</Filter>
    </ClInclude>
    <ClInclude Include="crypto\include\internal\__DECC_INCLUDE_EPILOGUE.H">
      <Filter>crypto\include\internal</Filter>
    </ClInclude>
    <ClInclude Include="crypto\include\internal\__DECC_INCLUDE_PROLOGUE.H">
      <Filter>crypto\include\internal</Filter>
    </ClInclude>
    <ClInclude Include="crypto\include\internal\aria.h">
      <Filter>crypto\include\internal</Filter>
    </ClInclude>
    <ClInclude Include="crypto\include\internal\asn1_int.h">
      <Filter>crypto\include\internal</Filter>
    </ClInclude>
    <ClInclude Include="crypto\include\internal\async.h">
      <Filter>crypto\include\internal</Filter>
    </ClInclude>
    <ClInclude Include="crypto\include\internal\bn_dh.h">
      <Filter>crypto\include\internal</Filter>
    </ClInclude>
    <ClInclude Include="crypto\include\internal\bn_int.h">
      <Filter>crypto\include\internal</Filter>
    </ClInclude>
    <ClInclude Include="crypto\include\internal\bn_srp.h">
      <Filter>crypto\include\internal</Filter>
    </ClInclude>
    <ClInclude Include="crypto\include\internal\chacha.h">
      <Filter>crypto\include\internal</Filter>
    </ClInclude>
    <ClInclude Include="crypto\include\internal\cryptlib_int.h">
      <Filter>crypto\include\internal</Filter>
    </ClInclude>
    <ClInclude Include="crypto\include\internal\ctype.h">
      <Filter>crypto\include\internal</Filter>
    </ClInclude>
    <ClInclude Include="crypto\include\internal\ec_int.h">
      <Filter>crypto\include\internal</Filter>
    </ClInclude>
    <ClInclude Include="crypto\include\internal\engine.h">
      <Filter>crypto\include\internal</Filter>
    </ClInclude>
    <ClInclude Include="crypto\include\internal\err_int.h">
      <Filter>crypto\include\internal</Filter>
    </ClInclude>
    <ClInclude Include="crypto\include\internal\evp_int.h">
      <Filter>crypto\include\internal</Filter>
    </ClInclude>
    <ClInclude Include="crypto\include\internal\lhash.h">
      <Filter>crypto\include\internal</Filter>
    </ClInclude>
    <ClInclude Include="crypto\include\internal\md32_common.h">
      <Filter>crypto\include\internal</Filter>
    </ClInclude>
    <ClInclude Include="crypto\include\internal\objects.h">
      <Filter>crypto\include\internal</Filter>
    </ClInclude>
    <ClInclude Include="crypto\include\internal\poly1305.h">
      <Filter>crypto\include\internal</Filter>
    </ClInclude>
    <ClInclude Include="crypto\include\internal\rand_int.h">
      <Filter>crypto\include\internal</Filter>
    </ClInclude>
    <ClInclude Include="crypto\include\internal\sha.h">
      <Filter>crypto\include\internal</Filter>
    </ClInclude>
    <ClInclude Include="crypto\lhash\lhash_lcl.h">
      <Filter>crypto\lhash</Filter>
    </ClInclude>
    <ClInclude Include="crypto\md4\md4_locl.h">
      <Filter>crypto\md4</Filter>
    </ClInclude>
    <ClInclude Include="crypto\md5\md5_locl.h">
      <Filter>crypto\md5</Filter>
    </ClInclude>
    <ClInclude Include="crypto\modes\modes_lcl.h">
      <Filter>crypto\modes</Filter>
    </ClInclude>
    <ClInclude Include="crypto\objects\obj_dat.h">
      <Filter>crypto\objects</Filter>
    </ClInclude>
    <ClInclude Include="crypto\objects\obj_lcl.h">
      <Filter>crypto\objects</Filter>
    </ClInclude>
    <ClInclude Include="crypto\objects\obj_xref.h">
      <Filter>crypto\objects</Filter>
    </ClInclude>
    <ClInclude Include="crypto\ocsp\ocsp_lcl.h">
      <Filter>crypto\ocsp</Filter>
    </ClInclude>
    <ClInclude Include="crypto\pkcs12\p12_lcl.h">
      <Filter>crypto\pkcs12</Filter>
    </ClInclude>
    <ClInclude Include="crypto\poly1305\poly1305_local.h">
      <Filter>crypto\poly1305</Filter>
    </ClInclude>
    <ClInclude Include="crypto\rand\rand_lcl.h">
      <Filter>crypto\rand</Filter>
    </ClInclude>
    <ClInclude Include="crypto\rc2\rc2_locl.h">
      <Filter>crypto\rc2</Filter>
    </ClInclude>
    <ClInclude Include="crypto\rc4\rc4_locl.h">
      <Filter>crypto\rc4</Filter>
    </ClInclude>
    <ClInclude Include="crypto\rc5\rc5_locl.h">
      <Filter>crypto\rc5</Filter>
    </ClInclude>
    <ClInclude Include="crypto\ripemd\rmd_locl.h">
      <Filter>crypto\ripemd</Filter>
    </ClInclude>
    <ClInclude Include="crypto\ripemd\rmdconst.h">
      <Filter>crypto\ripemd</Filter>
    </ClInclude>
    <ClInclude Include="crypto\rsa\rsa_locl.h">
      <Filter>crypto\rsa</Filter>
    </ClInclude>
    <ClInclude Include="crypto\seed\seed_locl.h">
      <Filter>crypto\seed</Filter>
    </ClInclude>
    <ClInclude Include="crypto\sha\sha_locl.h">
      <Filter>crypto\sha</Filter>
    </ClInclude>
    <ClInclude Include="crypto\siphash\siphash_local.h">
      <Filter>crypto\siphash</Filter>
    </ClInclude>
    <ClInclude Include="crypto\sm3\sm3_locl.h">
      <Filter>crypto\sm3</Filter>
    </ClInclude>
    <ClInclude Include="crypto\store\store_locl.h">
      <Filter>crypto\store</Filter>
    </ClInclude>
    <ClInclude Include="crypto\ts\ts_lcl.h">
      <Filter>crypto\ts</Filter>
    </ClInclude>
    <ClInclude Include="crypto\ui\ui_locl.h">
      <Filter>crypto\ui</Filter>
    </ClInclude>
    <ClInclude Include="crypto\whrlpool\wp_locl.h">
      <Filter>crypto\whirlpool</Filter>
    </ClInclude>
    <ClInclude Include="crypto\x509\x509_lcl.h">
      <Filter>crypto\x509</Filter>
    </ClInclude>
    <ClInclude Include="crypto\x509v3\ext_dat.h">
      <Filter>crypto\x509v3</Filter>
    </ClInclude>
    <ClInclude Include="crypto\x509v3\pcy_int.h">
      <Filter>crypto\x509v3</Filter>
    </ClInclude>
    <ClInclude Include="crypto\x509v3\standard_exts.h">
      <Filter>crypto\x509v3</Filter>
    </ClInclude>
    <ClInclude Include="crypto\x509v3\v3_admis.h">
      <Filter>crypto\x509v3</Filter>
    </ClInclude>
    <ClInclude Include="..\OpenSsl\internal\bn_conf.h">
      <Filter>crypto\include\internal</Filter>
    </ClInclude>
    <ClInclude Include="..\OpenSsl\internal\dso_conf.h">
      <Filter>crypto\include\internal</Filter>
    </ClInclude>
    <ClInclude Include="crypto\buildinf.h">
      <Filter>crypto</Filter>
    </ClInclude>
  </ItemGroup>
  <ItemGroup>
    <None Include="crypto\ia64cpuid.S">
      <Filter>crypto</Filter>
    </None>
    <None Include="crypto\sparccpuid.S">
      <Filter>crypto</Filter>
    </None>
    <None Include="crypto\aes\asm\aes-ia64.S">
      <Filter>crypto\aes\asm</Filter>
    </None>
    <None Include="crypto\bn\asm\bn-c64xplus.asm">
      <Filter>crypto\bn\asm</Filter>
    </None>
    <None Include="crypto\bn\asm\ia64.S">
      <Filter>crypto\bn\asm</Filter>
    </None>
    <None Include="crypto\bn\asm\s390x.S">
      <Filter>crypto\bn\asm</Filter>
    </None>
    <None Include="crypto\bn\asm\sparcv8.S">
      <Filter>crypto\bn\asm</Filter>
    </None>
    <None Include="crypto\bn\asm\sparcv8plus.S">
      <Filter>crypto\bn\asm</Filter>
    </None>
    <None Include="crypto\dh\dh192.pem">
      <Filter>crypto\dh</Filter>
    </None>
    <None Include="crypto\dh\dh512.pem">
      <Filter>crypto\dh</Filter>
    </None>
    <None Include="crypto\dh\dh1024.pem">
      <Filter>crypto\dh</Filter>
    </None>
    <None Include="crypto\dh\dh2048.pem">
      <Filter>crypto\dh</Filter>
    </None>
    <None Include="crypto\dh\dh4096.pem">
      <Filter>crypto\dh</Filter>
    </None>
    <None Include="crypto\x86cpuid.asm">
      <Filter>crypto</Filter>
    </None>
    <None Include="LibEay32.def" />
  </ItemGroup>
</Project>