<?xml version="1.0" encoding="utf-8"?>
<Project ToolsVersion="4.0" xmlns="http://schemas.microsoft.com/developer/msbuild/2003">
  <ItemGroup>
    <Filter Include="boost">
      <UniqueIdentifier>{8c44b76c-42fe-4790-a10f-bdbe6999a8f7}</UniqueIdentifier>
    </Filter>
  </ItemGroup>
  <ItemGroup>
    <ClInclude Include="boost\token_functions.hpp">
      <Filter>boost</Filter>
    </ClInclude>
    <ClInclude Include="boost\token_iterator.hpp">
      <Filter>boost</Filter>
    </ClInclude>
    <ClInclude Include="boost\tokenizer.hpp">
      <Filter>boost</Filter>
    </ClInclude>
  </ItemGroup>
</Project>