<?xml version="1.0" encoding="utf-8"?>
<Project ToolsVersion="4.0" xmlns="http://schemas.microsoft.com/developer/msbuild/2003">
  <ItemGroup>
    <Filter Include="boost">
      <UniqueIdentifier>{d75f20cc-ac95-47f3-a4ec-117e5736a2a5}</UniqueIdentifier>
    </Filter>
    <Filter Include="boost\detail">
      <UniqueIdentifier>{2dc1750b-1d29-4147-8ce4-2fb32c50a726}</UniqueIdentifier>
    </Filter>
  </ItemGroup>
  <ItemGroup>
    <ClInclude Include="boost\blank.hpp">
      <Filter>boost</Filter>
    </ClInclude>
    <ClInclude Include="boost\blank_fwd.hpp">
      <Filter>boost</Filter>
    </ClInclude>
    <ClInclude Include="boost\cstdlib.hpp">
      <Filter>boost</Filter>
    </ClInclude>
    <ClInclude Include="boost\detail\allocator_utilities.hpp">
      <Filter>boost\detail</Filter>
    </ClInclude>
    <ClInclude Include="boost\detail\binary_search.hpp">
      <Filter>boost\detail</Filter>
    </ClInclude>
    <ClInclude Include="boost\detail\bitmask.hpp">
      <Filter>boost\detail</Filter>
    </ClInclude>
    <ClInclude Include="boost\detail\catch_exceptions.hpp">
      <Filter>boost\detail</Filter>
    </ClInclude>
    <ClInclude Include="boost\detail\container_fwd.hpp">
      <Filter>boost\detail</Filter>
    </ClInclude>
    <ClInclude Include="boost\detail\fenv.hpp">
      <Filter>boost\detail</Filter>
    </ClInclude>
    <ClInclude Include="boost\detail\has_default_constructor.hpp">
      <Filter>boost\detail</Filter>
    </ClInclude>
    <ClInclude Include="boost\detail\identifier.hpp">
      <Filter>boost\detail</Filter>
    </ClInclude>
    <ClInclude Include="boost\detail\indirect_traits.hpp">
      <Filter>boost\detail</Filter>
    </ClInclude>
    <ClInclude Include="boost\detail\is_incrementable.hpp">
      <Filter>boost\detail</Filter>
    </ClInclude>
    <ClInclude Include="boost\detail\is_sorted.hpp">
      <Filter>boost\detail</Filter>
    </ClInclude>
    <ClInclude Include="boost\detail\is_xxx.hpp">
      <Filter>boost\detail</Filter>
    </ClInclude>
    <ClInclude Include="boost\detail\lightweight_main.hpp">
      <Filter>boost\detail</Filter>
    </ClInclude>
    <ClInclude Include="boost\detail\lightweight_test_report.hpp">
      <Filter>boost\detail</Filter>
    </ClInclude>
    <ClInclude Include="boost\detail\named_template_params.hpp">
      <Filter>boost\detail</Filter>
    </ClInclude>
    <ClInclude Include="boost\detail\numeric_traits.hpp">
      <Filter>boost\detail</Filter>
    </ClInclude>
    <ClInclude Include="boost\detail\reference_content.hpp">
      <Filter>boost\detail</Filter>
    </ClInclude>
    <ClInclude Include="boost\detail\select_type.hpp">
      <Filter>boost\detail</Filter>
    </ClInclude>
    <ClInclude Include="boost\detail\templated_streams.hpp">
      <Filter>boost\detail</Filter>
    </ClInclude>
    <ClInclude Include="boost\detail\utf8_codecvt_facet.hpp">
      <Filter>boost\detail</Filter>
    </ClInclude>
    <ClInclude Include="boost\detail\utf8_codecvt_facet.ipp">
      <Filter>boost\detail</Filter>
    </ClInclude>
  </ItemGroup>
</Project>